PODS:
  - ARSlidingPanel (0.1.0)
  - MBCalendarKit (3.0.4)
  - MBPullDownController (1.1.1)
  - SWTableViewCell (0.3.7)

DEPENDENCIES:
  - ARSlidingPanel
  - MBCalendarKit (~> 3.0.4)
  - MBPullDownController (~> 1.0)
  - SWTableViewCell (~> 0.3.7)

SPEC CHECKSUMS:
  ARSlidingPanel: 3ea5bff37b21fc76fb4cd6bf3768e3f590d28cbc
  MBCalendarKit: 2a3a60f902162a03bb4957966a4b795af998211f
  MBPullDownController: 6e5ee6fa099f2283cc207b3d2fa5c4867c652258
  SWTableViewCell: 2a94aadc9d47b2b611fa064566bf57948b95b579

COCOAPODS: 0.39.0
