// !$*UTF8*$!
{
	archiveVersion = 1;
	classes = {
	};
	objectVersion = 46;
	objects = {

/* Begin PBXBuildFile section */
		180B05941BE464E800E2F46F /* HorizontalLine.swift in Sources */ = {isa = PBXBuildFile; fileRef = 180B05931BE464E800E2F46F /* HorizontalLine.swift */; };
		180F6DFE1B75006800F86BF5 /* MapViewController.swift in Sources */ = {isa = PBXBuildFile; fileRef = 180F6DFD1B75006800F86BF5 /* MapViewController.swift */; };
		180F6E241B75231200F86BF5 /* GoogleMaps.framework in Frameworks */ = {isa = PBXBuildFile; fileRef = 180F6E231B75231200F86BF5 /* GoogleMaps.framework */; };
		180F6E261B75232700F86BF5 /* GoogleMaps.bundle in Resources */ = {isa = PBXBuildFile; fileRef = 180F6E251B75232700F86BF5 /* GoogleMaps.bundle */; };
		180F6E281B75236E00F86BF5 /* AVFoundation.framework in Frameworks */ = {isa = PBXBuildFile; fileRef = 180F6E271B75236E00F86BF5 /* AVFoundation.framework */; };
		180F6E2A1B75237B00F86BF5 /* CoreData.framework in Frameworks */ = {isa = PBXBuildFile; fileRef = 180F6E291B75237B00F86BF5 /* CoreData.framework */; };
		180F6E2C1B75238400F86BF5 /* CoreLocation.framework in Frameworks */ = {isa = PBXBuildFile; fileRef = 180F6E2B1B75238300F86BF5 /* CoreLocation.framework */; };
		180F6E2E1B75238D00F86BF5 /* CoreText.framework in Frameworks */ = {isa = PBXBuildFile; fileRef = 180F6E2D1B75238D00F86BF5 /* CoreText.framework */; };
		180F6E301B75239600F86BF5 /* GLKit.framework in Frameworks */ = {isa = PBXBuildFile; fileRef = 180F6E2F1B75239600F86BF5 /* GLKit.framework */; };
		180F6E321B75239E00F86BF5 /* ImageIO.framework in Frameworks */ = {isa = PBXBuildFile; fileRef = 180F6E311B75239E00F86BF5 /* ImageIO.framework */; };
		180F6E341B7523A600F86BF5 /* libc++.dylib in Frameworks */ = {isa = PBXBuildFile; fileRef = 180F6E331B7523A600F86BF5 /* libc++.dylib */; };
		180F6E361B7523AE00F86BF5 /* libicucore.dylib in Frameworks */ = {isa = PBXBuildFile; fileRef = 180F6E351B7523AE00F86BF5 /* libicucore.dylib */; };
		180F6E381B7523B700F86BF5 /* libz.dylib in Frameworks */ = {isa = PBXBuildFile; fileRef = 180F6E371B7523B700F86BF5 /* libz.dylib */; };
		180F6E3A1B7523BF00F86BF5 /* OpenGLES.framework in Frameworks */ = {isa = PBXBuildFile; fileRef = 180F6E391B7523BF00F86BF5 /* OpenGLES.framework */; };
		180F6E3C1B7523CA00F86BF5 /* QuartzCore.framework in Frameworks */ = {isa = PBXBuildFile; fileRef = 180F6E3B1B7523CA00F86BF5 /* QuartzCore.framework */; };
		180F6E3E1B7523D200F86BF5 /* SystemConfiguration.framework in Frameworks */ = {isa = PBXBuildFile; fileRef = 180F6E3D1B7523D200F86BF5 /* SystemConfiguration.framework */; };
		181EB6101B714B7600B9295E /* CalendarView.swift in Sources */ = {isa = PBXBuildFile; fileRef = 181EB6051B714B7600B9295E /* CalendarView.swift */; };
		181EB6111B714B7600B9295E /* CalendarView.xib in Resources */ = {isa = PBXBuildFile; fileRef = 181EB6061B714B7600B9295E /* CalendarView.xib */; };
		181EB6121B714B7600B9295E /* MonthCollectionCell.swift in Sources */ = {isa = PBXBuildFile; fileRef = 181EB6071B714B7600B9295E /* MonthCollectionCell.swift */; };
		181EB6131B714B7600B9295E /* MonthCollectionCell.xib in Resources */ = {isa = PBXBuildFile; fileRef = 181EB6081B714B7600B9295E /* MonthCollectionCell.xib */; };
		181EB6141B714B7600B9295E /* DayCollectionCell.swift in Sources */ = {isa = PBXBuildFile; fileRef = 181EB6091B714B7600B9295E /* DayCollectionCell.swift */; };
		181EB6151B714B7600B9295E /* DayCollectionCell.xib in Resources */ = {isa = PBXBuildFile; fileRef = 181EB60A1B714B7600B9295E /* DayCollectionCell.xib */; };
		181EB6161B714B7600B9295E /* WeekHeaderView.swift in Sources */ = {isa = PBXBuildFile; fileRef = 181EB60B1B714B7600B9295E /* WeekHeaderView.swift */; };
		181EB6171B714B7600B9295E /* WeekHeaderView.xib in Resources */ = {isa = PBXBuildFile; fileRef = 181EB60C1B714B7600B9295E /* WeekHeaderView.xib */; };
		181EB6181B714B7600B9295E /* CalendarLogic.swift in Sources */ = {isa = PBXBuildFile; fileRef = 181EB60D1B714B7600B9295E /* CalendarLogic.swift */; };
		181EB6191B714B7600B9295E /* Date.swift in Sources */ = {isa = PBXBuildFile; fileRef = 181EB60E1B714B7600B9295E /* Date.swift */; };
		181EB61A1B714B7600B9295E /* NSDateAdditions.swift in Sources */ = {isa = PBXBuildFile; fileRef = 181EB60F1B714B7600B9295E /* NSDateAdditions.swift */; };
		1834845C1B7E347D00EA0D13 /* VenueView.xib in Resources */ = {isa = PBXBuildFile; fileRef = 1834845B1B7E347D00EA0D13 /* VenueView.xib */; };
		1834845E1B7E352F00EA0D13 /* VenueView.swift in Sources */ = {isa = PBXBuildFile; fileRef = 1834845D1B7E352F00EA0D13 /* VenueView.swift */; };
		183484601B7E704B00EA0D13 /* ArtistView.swift in Sources */ = {isa = PBXBuildFile; fileRef = 1834845F1B7E704B00EA0D13 /* ArtistView.swift */; };
		183484621B7E71CF00EA0D13 /* OrganizationView.swift in Sources */ = {isa = PBXBuildFile; fileRef = 183484611B7E71CF00EA0D13 /* OrganizationView.swift */; };
		1835F8F31B5EAD7200FD1BD1 /* Reachability.swift in Sources */ = {isa = PBXBuildFile; fileRef = 1835F8F21B5EAD7200FD1BD1 /* Reachability.swift */; };
		1835F8F51B5ECF3500FD1BD1 /* DashBoardViewController.swift in Sources */ = {isa = PBXBuildFile; fileRef = 1835F8F41B5ECF3500FD1BD1 /* DashBoardViewController.swift */; };
		184231FA1B5FF173003948F5 /* ProfileViewController.swift in Sources */ = {isa = PBXBuildFile; fileRef = 184231F91B5FF173003948F5 /* ProfileViewController.swift */; };
		187B7D711C2DA44200B338C8 /* CalendarViewController.swift in Sources */ = {isa = PBXBuildFile; fileRef = 187B7D701C2DA44200B338C8 /* CalendarViewController.swift */; };
		1891B2821B86529B000949C8 /* SplashView.swift in Sources */ = {isa = PBXBuildFile; fileRef = 1891B2811B86529B000949C8 /* SplashView.swift */; };
		1891B2841B86530C000949C8 /* SplashOne.xib in Resources */ = {isa = PBXBuildFile; fileRef = 1891B2831B86530C000949C8 /* SplashOne.xib */; };
		1891B28C1B86618E000949C8 /* SplashTwo.xib in Resources */ = {isa = PBXBuildFile; fileRef = 1891B28B1B86618E000949C8 /* SplashTwo.xib */; };
		1891B28E1B866FFE000949C8 /* SplashThree.xib in Resources */ = {isa = PBXBuildFile; fileRef = 1891B28D1B866FFE000949C8 /* SplashThree.xib */; };
		1892A8001BEAFADE0063DFBB /* MoreInfoViewController.swift in Sources */ = {isa = PBXBuildFile; fileRef = 1892A7FF1BEAFADE0063DFBB /* MoreInfoViewController.swift */; };
		1892A8021BEAFC5D0063DFBB /* MoreInfoPanelViewController.swift in Sources */ = {isa = PBXBuildFile; fileRef = 1892A8011BEAFC5D0063DFBB /* MoreInfoPanelViewController.swift */; };
		18A98A751B84C8CF0016AF7E /* EventTableViewCell.xib in Resources */ = {isa = PBXBuildFile; fileRef = 18A98A741B84C8CF0016AF7E /* EventTableViewCell.xib */; };
		18CFAAAB1B876C7A00FE3976 /* SplashFour.xib in Resources */ = {isa = PBXBuildFile; fileRef = 18CFAAAA1B876C7A00FE3976 /* SplashFour.xib */; };
		18CFAAAF1B876F0C00FE3976 /* SplashFive.xib in Resources */ = {isa = PBXBuildFile; fileRef = 18CFAAAE1B876F0C00FE3976 /* SplashFive.xib */; };
		18D2169D1B6BF1D9005DAAA8 /* ExploreListPanelViewController.swift in Sources */ = {isa = PBXBuildFile; fileRef = 18D2169C1B6BF1D9005DAAA8 /* ExploreListPanelViewController.swift */; };
		18E2DD8C1B69537D007C61B5 /* DashLine.swift in Sources */ = {isa = PBXBuildFile; fileRef = 18E2DD8B1B69537D007C61B5 /* DashLine.swift */; };
		3C4FA13F1C04EE150034610E /* ShowOnMapViewController.swift in Sources */ = {isa = PBXBuildFile; fileRef = 3C4FA13E1C04EE150034610E /* ShowOnMapViewController.swift */; };
		3FBD3EDB6177AE183A0340DF /* libPods.a in Frameworks */ = {isa = PBXBuildFile; fileRef = 4C40848564A9A9ABD06E1BFE /* libPods.a */; };
		452BC0C41B791068003E7142 /* VenueTableViewCell.xib in Resources */ = {isa = PBXBuildFile; fileRef = 452BC0C31B791068003E7142 /* VenueTableViewCell.xib */; };
		452BC0C61B79118F003E7142 /* ArtistTableViewCell.xib in Resources */ = {isa = PBXBuildFile; fileRef = 452BC0C51B79118F003E7142 /* ArtistTableViewCell.xib */; };
		452BC0C81B79119D003E7142 /* OrganizationTableViewCell.xib in Resources */ = {isa = PBXBuildFile; fileRef = 452BC0C71B79119D003E7142 /* OrganizationTableViewCell.xib */; };
		452BC0CA1B791238003E7142 /* VenueTableViewCell.swift in Sources */ = {isa = PBXBuildFile; fileRef = 452BC0C91B791238003E7142 /* VenueTableViewCell.swift */; };
		452BC0CC1B791251003E7142 /* ArtistTableViewCell.swift in Sources */ = {isa = PBXBuildFile; fileRef = 452BC0CB1B791251003E7142 /* ArtistTableViewCell.swift */; };
		452BC0CE1B791260003E7142 /* OrganizationTableViewCell.swift in Sources */ = {isa = PBXBuildFile; fileRef = 452BC0CD1B791260003E7142 /* OrganizationTableViewCell.swift */; };
		452BC0D01B7937D5003E7142 /* MapFilterPanelViewController.swift in Sources */ = {isa = PBXBuildFile; fileRef = 452BC0CF1B7937D5003E7142 /* MapFilterPanelViewController.swift */; };
		453FB81A1BB5A78D00CA0D81 /* CAGradientLayer.swift in Sources */ = {isa = PBXBuildFile; fileRef = 453FB8191BB5A78D00CA0D81 /* CAGradientLayer.swift */; };
		4560C5471B66D09900AB5382 /* SaveData.swift in Sources */ = {isa = PBXBuildFile; fileRef = 4560C5461B66D09900AB5382 /* SaveData.swift */; };
		4560C5491B66D42000AB5382 /* ExploreListViewController.swift in Sources */ = {isa = PBXBuildFile; fileRef = 4560C5481B66D42000AB5382 /* ExploreListViewController.swift */; };
		4560C54B1B66D44700AB5382 /* EventCircleView.swift in Sources */ = {isa = PBXBuildFile; fileRef = 4560C54A1B66D44700AB5382 /* EventCircleView.swift */; };
		4560C54D1B66D45100AB5382 /* EventRectangleView.swift in Sources */ = {isa = PBXBuildFile; fileRef = 4560C54C1B66D45100AB5382 /* EventRectangleView.swift */; };
		4560C54F1B66D49800AB5382 /* EventTableViewCell.swift in Sources */ = {isa = PBXBuildFile; fileRef = 4560C54E1B66D49800AB5382 /* EventTableViewCell.swift */; };
		45AFAF231B60332E00BA6854 /* CredentialCheck.swift in Sources */ = {isa = PBXBuildFile; fileRef = 45AFAF221B60332E00BA6854 /* CredentialCheck.swift */; };
		45C0F5F91B7BBE780041A1C8 /* EventSubCategoryDBModel.swift in Sources */ = {isa = PBXBuildFile; fileRef = 45C0F5F81B7BBE780041A1C8 /* EventSubCategoryDBModel.swift */; };
		45C6D5B71B851A5A00EE4A05 /* VenueCategoriesDBModel.swift in Sources */ = {isa = PBXBuildFile; fileRef = 45C6D5B61B851A5A00EE4A05 /* VenueCategoriesDBModel.swift */; };
		45C6D5B91B851A7200EE4A05 /* ArtistCategoriesDBModel.swift in Sources */ = {isa = PBXBuildFile; fileRef = 45C6D5B81B851A7200EE4A05 /* ArtistCategoriesDBModel.swift */; };
		45C6D5BC1B851ABC00EE4A05 /* OrganizationCategoriesDBModel.swift in Sources */ = {isa = PBXBuildFile; fileRef = 45C6D5BB1B851ABC00EE4A05 /* OrganizationCategoriesDBModel.swift */; };
		45C6D5BE1B851ACE00EE4A05 /* EventPrimaryCategoriesDBModel.swift in Sources */ = {isa = PBXBuildFile; fileRef = 45C6D5BD1B851ACE00EE4A05 /* EventPrimaryCategoriesDBModel.swift */; };
		45C6D5C01B851ADE00EE4A05 /* EventSubCategoriesDBModel.swift in Sources */ = {isa = PBXBuildFile; fileRef = 45C6D5BF1B851ADE00EE4A05 /* EventSubCategoriesDBModel.swift */; };
		45C938AC1B8D089800BB0D0C /* Categories.swift in Sources */ = {isa = PBXBuildFile; fileRef = 45C938AB1B8D089800BB0D0C /* Categories.swift */; };
		45C93C601B8621AE00F60D9D /* EventCategoryListService.swift in Sources */ = {isa = PBXBuildFile; fileRef = 45C93C5F1B8621AE00F60D9D /* EventCategoryListService.swift */; };
		45C93C621B8621C100F60D9D /* VenueCategoryListService.swift in Sources */ = {isa = PBXBuildFile; fileRef = 45C93C611B8621C100F60D9D /* VenueCategoryListService.swift */; };
		45C93C641B8621F600F60D9D /* ArtistCategoryListService.swift in Sources */ = {isa = PBXBuildFile; fileRef = 45C93C631B8621F600F60D9D /* ArtistCategoryListService.swift */; };
		45C93C661B86225900F60D9D /* OrganizationCategoryListService.swift in Sources */ = {isa = PBXBuildFile; fileRef = 45C93C651B86225900F60D9D /* OrganizationCategoryListService.swift */; };
		45D8986F1B5E89E6003ED862 /* RegisterService.swift in Sources */ = {isa = PBXBuildFile; fileRef = 45D8986E1B5E89E6003ED862 /* RegisterService.swift */; };
		45F8DF3C1BBD9BAF00886C3F /* UserFilters.swift in Sources */ = {isa = PBXBuildFile; fileRef = 45F8DF3B1BBD9BAF00886C3F /* UserFilters.swift */; };
		45F8DF3D1BBDF00E00886C3F /* LaunchScreen.xib in Resources */ = {isa = PBXBuildFile; fileRef = 45FA05751B5D4158004AD819 /* LaunchScreen.xib */; };
		45FA056A1B5D4158004AD819 /* AppDelegate.swift in Sources */ = {isa = PBXBuildFile; fileRef = 45FA05691B5D4158004AD819 /* AppDelegate.swift */; };
		45FA056D1B5D4158004AD819 /* Bruha.xcdatamodeld in Sources */ = {isa = PBXBuildFile; fileRef = 45FA056B1B5D4158004AD819 /* Bruha.xcdatamodeld */; };
		45FA05741B5D4158004AD819 /* Images.xcassets in Resources */ = {isa = PBXBuildFile; fileRef = 45FA05731B5D4158004AD819 /* Images.xcassets */; };
		45FA05831B5D4158004AD819 /* BruhaTests.swift in Sources */ = {isa = PBXBuildFile; fileRef = 45FA05821B5D4158004AD819 /* BruhaTests.swift */; };
		45FA05951B5D4188004AD819 /* Event.swift in Sources */ = {isa = PBXBuildFile; fileRef = 45FA058C1B5D4188004AD819 /* Event.swift */; };
		45FA05961B5D4188004AD819 /* EventDBModel.swift in Sources */ = {isa = PBXBuildFile; fileRef = 45FA058D1B5D4188004AD819 /* EventDBModel.swift */; };
		45FA05971B5D4188004AD819 /* Venue.swift in Sources */ = {isa = PBXBuildFile; fileRef = 45FA058E1B5D4188004AD819 /* Venue.swift */; };
		45FA05981B5D4188004AD819 /* Artist.swift in Sources */ = {isa = PBXBuildFile; fileRef = 45FA058F1B5D4188004AD819 /* Artist.swift */; };
		45FA05991B5D4188004AD819 /* Organization.swift in Sources */ = {isa = PBXBuildFile; fileRef = 45FA05901B5D4188004AD819 /* Organization.swift */; };
		45FA059A1B5D4188004AD819 /* VenueDBModel.swift in Sources */ = {isa = PBXBuildFile; fileRef = 45FA05911B5D4188004AD819 /* VenueDBModel.swift */; };
		45FA059B1B5D4188004AD819 /* GlobalVariables.swift in Sources */ = {isa = PBXBuildFile; fileRef = 45FA05921B5D4188004AD819 /* GlobalVariables.swift */; };
		45FA059C1B5D4188004AD819 /* ArtistDBModel.swift in Sources */ = {isa = PBXBuildFile; fileRef = 45FA05931B5D4188004AD819 /* ArtistDBModel.swift */; };
		45FA059D1B5D4188004AD819 /* OrganizationDBModel.swift in Sources */ = {isa = PBXBuildFile; fileRef = 45FA05941B5D4188004AD819 /* OrganizationDBModel.swift */; };
		45FA05A41B5D4190004AD819 /* EventService.swift in Sources */ = {isa = PBXBuildFile; fileRef = 45FA059E1B5D4190004AD819 /* EventService.swift */; };
		45FA05A51B5D4190004AD819 /* NetworkOperation.swift in Sources */ = {isa = PBXBuildFile; fileRef = 45FA059F1B5D4190004AD819 /* NetworkOperation.swift */; };
		45FA05A61B5D4190004AD819 /* VenueService.swift in Sources */ = {isa = PBXBuildFile; fileRef = 45FA05A01B5D4190004AD819 /* VenueService.swift */; };
		45FA05A71B5D4190004AD819 /* LoadScreenService.swift in Sources */ = {isa = PBXBuildFile; fileRef = 45FA05A11B5D4190004AD819 /* LoadScreenService.swift */; };
		45FA05A81B5D4190004AD819 /* ArtistService.swift in Sources */ = {isa = PBXBuildFile; fileRef = 45FA05A21B5D4190004AD819 /* ArtistService.swift */; };
		45FA05A91B5D4190004AD819 /* OrganizationService.swift in Sources */ = {isa = PBXBuildFile; fileRef = 45FA05A31B5D4190004AD819 /* OrganizationService.swift */; };
		45FA05AD1B5D4196004AD819 /* FetchData.swift in Sources */ = {isa = PBXBuildFile; fileRef = 45FA05AA1B5D4196004AD819 /* FetchData.swift */; };
		45FA05AF1B5D4196004AD819 /* DeleteData.swift in Sources */ = {isa = PBXBuildFile; fileRef = 45FA05AC1B5D4196004AD819 /* DeleteData.swift */; };
		45FA05B81B5D432C004AD819 /* SplashViewController.swift in Sources */ = {isa = PBXBuildFile; fileRef = 45FA05B71B5D432C004AD819 /* SplashViewController.swift */; };
		45FA05BA1B5D63EB004AD819 /* Main.storyboard in Resources */ = {isa = PBXBuildFile; fileRef = 45FA05B91B5D63EB004AD819 /* Main.storyboard */; };
		45FA05BD1B5D640A004AD819 /* LoginViewController.swift in Sources */ = {isa = PBXBuildFile; fileRef = 45FA05BB1B5D640A004AD819 /* LoginViewController.swift */; };
		45FA05BE1B5D640A004AD819 /* SignUpViewController.swift in Sources */ = {isa = PBXBuildFile; fileRef = 45FA05BC1B5D640A004AD819 /* SignUpViewController.swift */; };
		45FA05C11B5D6FCC004AD819 /* LoginService.swift in Sources */ = {isa = PBXBuildFile; fileRef = 45FA05C01B5D6FCC004AD819 /* LoginService.swift */; };
		45FA05C41B5D7000004AD819 /* User.swift in Sources */ = {isa = PBXBuildFile; fileRef = 45FA05C31B5D7000004AD819 /* User.swift */; };
		45FA05C61B5D7D9E004AD819 /* UserDBModel.swift in Sources */ = {isa = PBXBuildFile; fileRef = 45FA05C51B5D7D9E004AD819 /* UserDBModel.swift */; };
		A501998C1C23239B0097624F /* UpComingEventsViewController.swift in Sources */ = {isa = PBXBuildFile; fileRef = A501998B1C23239B0097624F /* UpComingEventsViewController.swift */; };
		A50231701C0F57C600FA4E7F /* FacebookService.swift in Sources */ = {isa = PBXBuildFile; fileRef = A502316F1C0F57C600FA4E7F /* FacebookService.swift */; };
		A505C0EB1BCEDC6D0067CDD1 /* UserEventDBModel.swift in Sources */ = {isa = PBXBuildFile; fileRef = A505C0EA1BCEDC6D0067CDD1 /* UserEventDBModel.swift */; };
		A505C0ED1BCEDD4B0067CDD1 /* UserVenueDBModel.swift in Sources */ = {isa = PBXBuildFile; fileRef = A505C0EC1BCEDD4B0067CDD1 /* UserVenueDBModel.swift */; };
		A505C0EF1BCEDDA20067CDD1 /* UserOrganizationDBModel.swift in Sources */ = {isa = PBXBuildFile; fileRef = A505C0EE1BCEDDA20067CDD1 /* UserOrganizationDBModel.swift */; };
		A505C0F11BCEDEDA0067CDD1 /* UserEventSubCategoryDBModel.swift in Sources */ = {isa = PBXBuildFile; fileRef = A505C0F01BCEDEDA0067CDD1 /* UserEventSubCategoryDBModel.swift */; };
		A505C0F31BCEE8730067CDD1 /* UploadListViewController.swift in Sources */ = {isa = PBXBuildFile; fileRef = A505C0F21BCEE8730067CDD1 /* UploadListViewController.swift */; };
		A505C0F51BCEE9860067CDD1 /* UploadListPanelViewController.swift in Sources */ = {isa = PBXBuildFile; fileRef = A505C0F41BCEE9860067CDD1 /* UploadListPanelViewController.swift */; };
		A505C0F71BD17B910067CDD1 /* LoadScreenViewController.swift in Sources */ = {isa = PBXBuildFile; fileRef = A505C0F61BD17B910067CDD1 /* LoadScreenViewController.swift */; };
		A537502C1C57C78900178357 /* UpComingCalendarViewController.swift in Sources */ = {isa = PBXBuildFile; fileRef = A537502B1C57C78900178357 /* UpComingCalendarViewController.swift */; };
		A576579A1C1F6E4300F871A2 /* OpenSans-Bold.ttf in Resources */ = {isa = PBXBuildFile; fileRef = A57657901C1F6E4300F871A2 /* OpenSans-Bold.ttf */; };
		A576579B1C1F6E4300F871A2 /* OpenSans-BoldItalic.ttf in Resources */ = {isa = PBXBuildFile; fileRef = A57657911C1F6E4300F871A2 /* OpenSans-BoldItalic.ttf */; };
		A576579C1C1F6E4300F871A2 /* OpenSans-ExtraBold.ttf in Resources */ = {isa = PBXBuildFile; fileRef = A57657921C1F6E4300F871A2 /* OpenSans-ExtraBold.ttf */; };
		A576579D1C1F6E4300F871A2 /* OpenSans-ExtraBoldItalic.ttf in Resources */ = {isa = PBXBuildFile; fileRef = A57657931C1F6E4300F871A2 /* OpenSans-ExtraBoldItalic.ttf */; };
		A576579E1C1F6E4300F871A2 /* OpenSans-Italic.ttf in Resources */ = {isa = PBXBuildFile; fileRef = A57657941C1F6E4300F871A2 /* OpenSans-Italic.ttf */; };
		A576579F1C1F6E4300F871A2 /* OpenSans-Light.ttf in Resources */ = {isa = PBXBuildFile; fileRef = A57657951C1F6E4300F871A2 /* OpenSans-Light.ttf */; };
		A57657A01C1F6E4300F871A2 /* OpenSans-LightItalic.ttf in Resources */ = {isa = PBXBuildFile; fileRef = A57657961C1F6E4300F871A2 /* OpenSans-LightItalic.ttf */; };
		A57657A11C1F6E4300F871A2 /* OpenSans-Regular.ttf in Resources */ = {isa = PBXBuildFile; fileRef = A57657971C1F6E4300F871A2 /* OpenSans-Regular.ttf */; };
		A57657A21C1F6E4300F871A2 /* OpenSans-Semibold.ttf in Resources */ = {isa = PBXBuildFile; fileRef = A57657981C1F6E4300F871A2 /* OpenSans-Semibold.ttf */; };
		A57657A31C1F6E4300F871A2 /* OpenSans-SemiboldItalic.ttf in Resources */ = {isa = PBXBuildFile; fileRef = A57657991C1F6E4300F871A2 /* OpenSans-SemiboldItalic.ttf */; };
		A57657A61C1F6E5400F871A2 /* Domine-Bold.ttf in Resources */ = {isa = PBXBuildFile; fileRef = A57657A41C1F6E5400F871A2 /* Domine-Bold.ttf */; };
		A57657A71C1F6E5400F871A2 /* Domine-Regular.ttf in Resources */ = {isa = PBXBuildFile; fileRef = A57657A51C1F6E5400F871A2 /* Domine-Regular.ttf */; };
		A580A4E81BFE797300CB6F2E /* CategoryHeaderCellTableViewCell.xib in Resources */ = {isa = PBXBuildFile; fileRef = A580A4E71BFE797300CB6F2E /* CategoryHeaderCellTableViewCell.xib */; };
		A580A4EA1BFE7A8C00CB6F2E /* CategoryHeaderCellTableViewCell.swift in Sources */ = {isa = PBXBuildFile; fileRef = A580A4E91BFE7A8C00CB6F2E /* CategoryHeaderCellTableViewCell.swift */; };
		A5820A921BDFB06300D78675 /* Filtering.swift in Sources */ = {isa = PBXBuildFile; fileRef = A5820A911BDFB06300D78675 /* Filtering.swift */; };
		A58A3A211BB9780800601749 /* AddictionEventDBModel.swift in Sources */ = {isa = PBXBuildFile; fileRef = A58A3A201BB9780800601749 /* AddictionEventDBModel.swift */; };
		A58A3A261BB980B200601749 /* AddictionEvent.swift in Sources */ = {isa = PBXBuildFile; fileRef = A58A3A251BB980B200601749 /* AddictionEvent.swift */; };
		A59443A11C03C088000B3969 /* Image.swift in Sources */ = {isa = PBXBuildFile; fileRef = A59443A01C03C088000B3969 /* Image.swift */; };
		A5967F171C2067E700559FC9 /* MoreInformationViewController.swift in Sources */ = {isa = PBXBuildFile; fileRef = A5967F161C2067E700559FC9 /* MoreInformationViewController.swift */; };
		A5C96A831C3AE5460051EF1C /* EventMoreInfomationViewController.swift in Sources */ = {isa = PBXBuildFile; fileRef = A5C96A821C3AE5460051EF1C /* EventMoreInfomationViewController.swift */; };
		A5C96A851C3AEF770051EF1C /* AffiliatedOrgViewController.swift in Sources */ = {isa = PBXBuildFile; fileRef = A5C96A841C3AEF770051EF1C /* AffiliatedOrgViewController.swift */; };
		A5CAB5781BED1ECE007E597B /* MapDropTableViewCell.xib in Resources */ = {isa = PBXBuildFile; fileRef = A5CAB5771BED1ECE007E597B /* MapDropTableViewCell.xib */; };
		A5CAB57A1BED2145007E597B /* MapDropTableViewCell.swift in Sources */ = {isa = PBXBuildFile; fileRef = A5CAB5791BED2145007E597B /* MapDropTableViewCell.swift */; };
		A5D34D621C06122C005F6236 /* FBSDKCoreKit.framework in Frameworks */ = {isa = PBXBuildFile; fileRef = A5D34D5F1C06122C005F6236 /* FBSDKCoreKit.framework */; };
		A5D34D631C06122C005F6236 /* FBSDKLoginKit.framework in Frameworks */ = {isa = PBXBuildFile; fileRef = A5D34D601C06122C005F6236 /* FBSDKLoginKit.framework */; };
		A5D34D641C06122C005F6236 /* FBSDKShareKit.framework in Frameworks */ = {isa = PBXBuildFile; fileRef = A5D34D611C06122C005F6236 /* FBSDKShareKit.framework */; };
		A5D34D671C07B92A005F6236 /* ImageList+CoreDataProperties.swift in Sources */ = {isa = PBXBuildFile; fileRef = A5D34D651C07B92A005F6236 /* ImageList+CoreDataProperties.swift */; };
		A5D34D681C07B92A005F6236 /* ImageDBModel.swift in Sources */ = {isa = PBXBuildFile; fileRef = A5D34D661C07B92A005F6236 /* ImageDBModel.swift */; };
		A5D90DFC1BBDD1A600537F72 /* AddictionArtistDBModel.swift in Sources */ = {isa = PBXBuildFile; fileRef = A5D90DFB1BBDD1A600537F72 /* AddictionArtistDBModel.swift */; };
		A5D90DFE1BBDD22000537F72 /* AddictionOrganizationDBModel.swift in Sources */ = {isa = PBXBuildFile; fileRef = A5D90DFD1BBDD22000537F72 /* AddictionOrganizationDBModel.swift */; };
		A5D90E001BBDD28700537F72 /* AddictionVenueDBModel.swift in Sources */ = {isa = PBXBuildFile; fileRef = A5D90DFF1BBDD28700537F72 /* AddictionVenueDBModel.swift */; };
		A5D90E021BBDD60300537F72 /* AddictionArtist.swift in Sources */ = {isa = PBXBuildFile; fileRef = A5D90E011BBDD60300537F72 /* AddictionArtist.swift */; };
		A5D90E041BBDD72000537F72 /* AddictionOrganization.swift in Sources */ = {isa = PBXBuildFile; fileRef = A5D90E031BBDD72000537F72 /* AddictionOrganization.swift */; };
		A5D90E061BBDD79300537F72 /* AddictionVenue.swift in Sources */ = {isa = PBXBuildFile; fileRef = A5D90E051BBDD79300537F72 /* AddictionVenue.swift */; };
		A5E4EAD11BBEDFE500DAEE9D /* AddictionListViewController.swift in Sources */ = {isa = PBXBuildFile; fileRef = A5E4EAD01BBEDFE500DAEE9D /* AddictionListViewController.swift */; };
		A5E4EAD31BC2BC3900DAEE9D /* AddictionListPanelViewController.swift in Sources */ = {isa = PBXBuildFile; fileRef = A5E4EAD21BC2BC3900DAEE9D /* AddictionListPanelViewController.swift */; };
		A5F286641C47023D004A1860 /* OrderedDictionary.swift in Sources */ = {isa = PBXBuildFile; fileRef = A5F286631C47023D004A1860 /* OrderedDictionary.swift */; };
/* End PBXBuildFile section */

/* Begin PBXContainerItemProxy section */
		45FA057D1B5D4158004AD819 /* PBXContainerItemProxy */ = {
			isa = PBXContainerItemProxy;
			containerPortal = 45FA055C1B5D4158004AD819 /* Project object */;
			proxyType = 1;
			remoteGlobalIDString = 45FA05631B5D4158004AD819;
			remoteInfo = Bruha;
		};
/* End PBXContainerItemProxy section */

/* Begin PBXFileReference section */
		180B05931BE464E800E2F46F /* HorizontalLine.swift */ = {isa = PBXFileReference; fileEncoding = 4; lastKnownFileType = sourcecode.swift; path = HorizontalLine.swift; sourceTree = "<group>"; };
		180F6DFD1B75006800F86BF5 /* MapViewController.swift */ = {isa = PBXFileReference; fileEncoding = 4; lastKnownFileType = sourcecode.swift; path = MapViewController.swift; sourceTree = "<group>"; };
		180F6E231B75231200F86BF5 /* GoogleMaps.framework */ = {isa = PBXFileReference; lastKnownFileType = wrapper.framework; path = GoogleMaps.framework; sourceTree = "<group>"; };
		180F6E251B75232700F86BF5 /* GoogleMaps.bundle */ = {isa = PBXFileReference; lastKnownFileType = "wrapper.plug-in"; name = GoogleMaps.bundle; path = GoogleMaps.framework/Versions/A/Resources/GoogleMaps.bundle; sourceTree = "<group>"; };
		180F6E271B75236E00F86BF5 /* AVFoundation.framework */ = {isa = PBXFileReference; lastKnownFileType = wrapper.framework; name = AVFoundation.framework; path = System/Library/Frameworks/AVFoundation.framework; sourceTree = SDKROOT; };
		180F6E291B75237B00F86BF5 /* CoreData.framework */ = {isa = PBXFileReference; lastKnownFileType = wrapper.framework; name = CoreData.framework; path = System/Library/Frameworks/CoreData.framework; sourceTree = SDKROOT; };
		180F6E2B1B75238300F86BF5 /* CoreLocation.framework */ = {isa = PBXFileReference; lastKnownFileType = wrapper.framework; name = CoreLocation.framework; path = System/Library/Frameworks/CoreLocation.framework; sourceTree = SDKROOT; };
		180F6E2D1B75238D00F86BF5 /* CoreText.framework */ = {isa = PBXFileReference; lastKnownFileType = wrapper.framework; name = CoreText.framework; path = System/Library/Frameworks/CoreText.framework; sourceTree = SDKROOT; };
		180F6E2F1B75239600F86BF5 /* GLKit.framework */ = {isa = PBXFileReference; lastKnownFileType = wrapper.framework; name = GLKit.framework; path = System/Library/Frameworks/GLKit.framework; sourceTree = SDKROOT; };
		180F6E311B75239E00F86BF5 /* ImageIO.framework */ = {isa = PBXFileReference; lastKnownFileType = wrapper.framework; name = ImageIO.framework; path = System/Library/Frameworks/ImageIO.framework; sourceTree = SDKROOT; };
		180F6E331B7523A600F86BF5 /* libc++.dylib */ = {isa = PBXFileReference; lastKnownFileType = "compiled.mach-o.dylib"; name = "libc++.dylib"; path = "usr/lib/libc++.dylib"; sourceTree = SDKROOT; };
		180F6E351B7523AE00F86BF5 /* libicucore.dylib */ = {isa = PBXFileReference; lastKnownFileType = "compiled.mach-o.dylib"; name = libicucore.dylib; path = usr/lib/libicucore.dylib; sourceTree = SDKROOT; };
		180F6E371B7523B700F86BF5 /* libz.dylib */ = {isa = PBXFileReference; lastKnownFileType = "compiled.mach-o.dylib"; name = libz.dylib; path = usr/lib/libz.dylib; sourceTree = SDKROOT; };
		180F6E391B7523BF00F86BF5 /* OpenGLES.framework */ = {isa = PBXFileReference; lastKnownFileType = wrapper.framework; name = OpenGLES.framework; path = System/Library/Frameworks/OpenGLES.framework; sourceTree = SDKROOT; };
		180F6E3B1B7523CA00F86BF5 /* QuartzCore.framework */ = {isa = PBXFileReference; lastKnownFileType = wrapper.framework; name = QuartzCore.framework; path = System/Library/Frameworks/QuartzCore.framework; sourceTree = SDKROOT; };
		180F6E3D1B7523D200F86BF5 /* SystemConfiguration.framework */ = {isa = PBXFileReference; lastKnownFileType = wrapper.framework; name = SystemConfiguration.framework; path = System/Library/Frameworks/SystemConfiguration.framework; sourceTree = SDKROOT; };
		181EB6051B714B7600B9295E /* CalendarView.swift */ = {isa = PBXFileReference; fileEncoding = 4; lastKnownFileType = sourcecode.swift; path = CalendarView.swift; sourceTree = "<group>"; };
		181EB6061B714B7600B9295E /* CalendarView.xib */ = {isa = PBXFileReference; fileEncoding = 4; lastKnownFileType = file.xib; path = CalendarView.xib; sourceTree = "<group>"; };
		181EB6071B714B7600B9295E /* MonthCollectionCell.swift */ = {isa = PBXFileReference; fileEncoding = 4; lastKnownFileType = sourcecode.swift; path = MonthCollectionCell.swift; sourceTree = "<group>"; };
		181EB6081B714B7600B9295E /* MonthCollectionCell.xib */ = {isa = PBXFileReference; fileEncoding = 4; lastKnownFileType = file.xib; path = MonthCollectionCell.xib; sourceTree = "<group>"; };
		181EB6091B714B7600B9295E /* DayCollectionCell.swift */ = {isa = PBXFileReference; fileEncoding = 4; lastKnownFileType = sourcecode.swift; path = DayCollectionCell.swift; sourceTree = "<group>"; };
		181EB60A1B714B7600B9295E /* DayCollectionCell.xib */ = {isa = PBXFileReference; fileEncoding = 4; lastKnownFileType = file.xib; path = DayCollectionCell.xib; sourceTree = "<group>"; };
		181EB60B1B714B7600B9295E /* WeekHeaderView.swift */ = {isa = PBXFileReference; fileEncoding = 4; lastKnownFileType = sourcecode.swift; path = WeekHeaderView.swift; sourceTree = "<group>"; };
		181EB60C1B714B7600B9295E /* WeekHeaderView.xib */ = {isa = PBXFileReference; fileEncoding = 4; lastKnownFileType = file.xib; path = WeekHeaderView.xib; sourceTree = "<group>"; };
		181EB60D1B714B7600B9295E /* CalendarLogic.swift */ = {isa = PBXFileReference; fileEncoding = 4; lastKnownFileType = sourcecode.swift; path = CalendarLogic.swift; sourceTree = "<group>"; };
		181EB60E1B714B7600B9295E /* Date.swift */ = {isa = PBXFileReference; fileEncoding = 4; lastKnownFileType = sourcecode.swift; path = Date.swift; sourceTree = "<group>"; };
		181EB60F1B714B7600B9295E /* NSDateAdditions.swift */ = {isa = PBXFileReference; fileEncoding = 4; lastKnownFileType = sourcecode.swift; path = NSDateAdditions.swift; sourceTree = "<group>"; };
		183286A81B6806B2007B5134 /* Bridging-Header.h */ = {isa = PBXFileReference; fileEncoding = 4; lastKnownFileType = sourcecode.c.h; path = "Bridging-Header.h"; sourceTree = "<group>"; };
		1834845B1B7E347D00EA0D13 /* VenueView.xib */ = {isa = PBXFileReference; fileEncoding = 4; lastKnownFileType = file.xib; path = VenueView.xib; sourceTree = "<group>"; };
		1834845D1B7E352F00EA0D13 /* VenueView.swift */ = {isa = PBXFileReference; fileEncoding = 4; lastKnownFileType = sourcecode.swift; path = VenueView.swift; sourceTree = "<group>"; };
		1834845F1B7E704B00EA0D13 /* ArtistView.swift */ = {isa = PBXFileReference; fileEncoding = 4; lastKnownFileType = sourcecode.swift; path = ArtistView.swift; sourceTree = "<group>"; };
		183484611B7E71CF00EA0D13 /* OrganizationView.swift */ = {isa = PBXFileReference; fileEncoding = 4; lastKnownFileType = sourcecode.swift; path = OrganizationView.swift; sourceTree = "<group>"; };
		1835F8F21B5EAD7200FD1BD1 /* Reachability.swift */ = {isa = PBXFileReference; fileEncoding = 4; lastKnownFileType = sourcecode.swift; path = Reachability.swift; sourceTree = "<group>"; };
		1835F8F41B5ECF3500FD1BD1 /* DashBoardViewController.swift */ = {isa = PBXFileReference; fileEncoding = 4; lastKnownFileType = sourcecode.swift; path = DashBoardViewController.swift; sourceTree = "<group>"; };
		184231F91B5FF173003948F5 /* ProfileViewController.swift */ = {isa = PBXFileReference; fileEncoding = 4; lastKnownFileType = sourcecode.swift; path = ProfileViewController.swift; sourceTree = "<group>"; };
		187B7D701C2DA44200B338C8 /* CalendarViewController.swift */ = {isa = PBXFileReference; fileEncoding = 4; lastKnownFileType = sourcecode.swift; path = CalendarViewController.swift; sourceTree = "<group>"; };
		1891B2811B86529B000949C8 /* SplashView.swift */ = {isa = PBXFileReference; fileEncoding = 4; lastKnownFileType = sourcecode.swift; path = SplashView.swift; sourceTree = "<group>"; };
		1891B2831B86530C000949C8 /* SplashOne.xib */ = {isa = PBXFileReference; fileEncoding = 4; lastKnownFileType = file.xib; path = SplashOne.xib; sourceTree = "<group>"; };
		1891B28B1B86618E000949C8 /* SplashTwo.xib */ = {isa = PBXFileReference; fileEncoding = 4; lastKnownFileType = file.xib; path = SplashTwo.xib; sourceTree = "<group>"; };
		1891B28D1B866FFE000949C8 /* SplashThree.xib */ = {isa = PBXFileReference; fileEncoding = 4; lastKnownFileType = file.xib; path = SplashThree.xib; sourceTree = "<group>"; };
		1892A7FF1BEAFADE0063DFBB /* MoreInfoViewController.swift */ = {isa = PBXFileReference; fileEncoding = 4; lastKnownFileType = sourcecode.swift; path = MoreInfoViewController.swift; sourceTree = "<group>"; };
		1892A8011BEAFC5D0063DFBB /* MoreInfoPanelViewController.swift */ = {isa = PBXFileReference; fileEncoding = 4; lastKnownFileType = sourcecode.swift; path = MoreInfoPanelViewController.swift; sourceTree = "<group>"; };
		18A98A741B84C8CF0016AF7E /* EventTableViewCell.xib */ = {isa = PBXFileReference; fileEncoding = 4; lastKnownFileType = file.xib; path = EventTableViewCell.xib; sourceTree = "<group>"; };
		18CFAAAA1B876C7A00FE3976 /* SplashFour.xib */ = {isa = PBXFileReference; fileEncoding = 4; lastKnownFileType = file.xib; path = SplashFour.xib; sourceTree = "<group>"; };
		18CFAAAE1B876F0C00FE3976 /* SplashFive.xib */ = {isa = PBXFileReference; fileEncoding = 4; lastKnownFileType = file.xib; path = SplashFive.xib; sourceTree = "<group>"; };
		18D2169C1B6BF1D9005DAAA8 /* ExploreListPanelViewController.swift */ = {isa = PBXFileReference; fileEncoding = 4; lastKnownFileType = sourcecode.swift; path = ExploreListPanelViewController.swift; sourceTree = "<group>"; };
		18E2DD8B1B69537D007C61B5 /* DashLine.swift */ = {isa = PBXFileReference; fileEncoding = 4; lastKnownFileType = sourcecode.swift; path = DashLine.swift; sourceTree = "<group>"; };
		3C4FA13E1C04EE150034610E /* ShowOnMapViewController.swift */ = {isa = PBXFileReference; fileEncoding = 4; lastKnownFileType = sourcecode.swift; path = ShowOnMapViewController.swift; sourceTree = "<group>"; };
		452BC0C31B791068003E7142 /* VenueTableViewCell.xib */ = {isa = PBXFileReference; fileEncoding = 4; lastKnownFileType = file.xib; path = VenueTableViewCell.xib; sourceTree = "<group>"; };
		452BC0C51B79118F003E7142 /* ArtistTableViewCell.xib */ = {isa = PBXFileReference; fileEncoding = 4; lastKnownFileType = file.xib; path = ArtistTableViewCell.xib; sourceTree = "<group>"; };
		452BC0C71B79119D003E7142 /* OrganizationTableViewCell.xib */ = {isa = PBXFileReference; fileEncoding = 4; lastKnownFileType = file.xib; path = OrganizationTableViewCell.xib; sourceTree = "<group>"; };
		452BC0C91B791238003E7142 /* VenueTableViewCell.swift */ = {isa = PBXFileReference; fileEncoding = 4; lastKnownFileType = sourcecode.swift; path = VenueTableViewCell.swift; sourceTree = "<group>"; };
		452BC0CB1B791251003E7142 /* ArtistTableViewCell.swift */ = {isa = PBXFileReference; fileEncoding = 4; lastKnownFileType = sourcecode.swift; path = ArtistTableViewCell.swift; sourceTree = "<group>"; };
		452BC0CD1B791260003E7142 /* OrganizationTableViewCell.swift */ = {isa = PBXFileReference; fileEncoding = 4; lastKnownFileType = sourcecode.swift; path = OrganizationTableViewCell.swift; sourceTree = "<group>"; };
		452BC0CF1B7937D5003E7142 /* MapFilterPanelViewController.swift */ = {isa = PBXFileReference; fileEncoding = 4; lastKnownFileType = sourcecode.swift; path = MapFilterPanelViewController.swift; sourceTree = "<group>"; };
		453FB8191BB5A78D00CA0D81 /* CAGradientLayer.swift */ = {isa = PBXFileReference; fileEncoding = 4; lastKnownFileType = sourcecode.swift; path = CAGradientLayer.swift; sourceTree = "<group>"; };
		4560C5461B66D09900AB5382 /* SaveData.swift */ = {isa = PBXFileReference; fileEncoding = 4; lastKnownFileType = sourcecode.swift; path = SaveData.swift; sourceTree = "<group>"; };
		4560C5481B66D42000AB5382 /* ExploreListViewController.swift */ = {isa = PBXFileReference; fileEncoding = 4; lastKnownFileType = sourcecode.swift; path = ExploreListViewController.swift; sourceTree = "<group>"; };
		4560C54A1B66D44700AB5382 /* EventCircleView.swift */ = {isa = PBXFileReference; fileEncoding = 4; lastKnownFileType = sourcecode.swift; path = EventCircleView.swift; sourceTree = "<group>"; };
		4560C54C1B66D45100AB5382 /* EventRectangleView.swift */ = {isa = PBXFileReference; fileEncoding = 4; lastKnownFileType = sourcecode.swift; path = EventRectangleView.swift; sourceTree = "<group>"; };
		4560C54E1B66D49800AB5382 /* EventTableViewCell.swift */ = {isa = PBXFileReference; fileEncoding = 4; lastKnownFileType = sourcecode.swift; path = EventTableViewCell.swift; sourceTree = "<group>"; };
		45AFAF221B60332E00BA6854 /* CredentialCheck.swift */ = {isa = PBXFileReference; fileEncoding = 4; lastKnownFileType = sourcecode.swift; path = CredentialCheck.swift; sourceTree = "<group>"; };
		45C0F5F81B7BBE780041A1C8 /* EventSubCategoryDBModel.swift */ = {isa = PBXFileReference; fileEncoding = 4; lastKnownFileType = sourcecode.swift; path = EventSubCategoryDBModel.swift; sourceTree = "<group>"; };
		45C6D5B61B851A5A00EE4A05 /* VenueCategoriesDBModel.swift */ = {isa = PBXFileReference; fileEncoding = 4; lastKnownFileType = sourcecode.swift; path = VenueCategoriesDBModel.swift; sourceTree = "<group>"; };
		45C6D5B81B851A7200EE4A05 /* ArtistCategoriesDBModel.swift */ = {isa = PBXFileReference; fileEncoding = 4; lastKnownFileType = sourcecode.swift; path = ArtistCategoriesDBModel.swift; sourceTree = "<group>"; };
		45C6D5BB1B851ABC00EE4A05 /* OrganizationCategoriesDBModel.swift */ = {isa = PBXFileReference; fileEncoding = 4; lastKnownFileType = sourcecode.swift; path = OrganizationCategoriesDBModel.swift; sourceTree = "<group>"; };
		45C6D5BD1B851ACE00EE4A05 /* EventPrimaryCategoriesDBModel.swift */ = {isa = PBXFileReference; fileEncoding = 4; lastKnownFileType = sourcecode.swift; path = EventPrimaryCategoriesDBModel.swift; sourceTree = "<group>"; };
		45C6D5BF1B851ADE00EE4A05 /* EventSubCategoriesDBModel.swift */ = {isa = PBXFileReference; fileEncoding = 4; lastKnownFileType = sourcecode.swift; path = EventSubCategoriesDBModel.swift; sourceTree = "<group>"; };
		45C938AB1B8D089800BB0D0C /* Categories.swift */ = {isa = PBXFileReference; fileEncoding = 4; lastKnownFileType = sourcecode.swift; path = Categories.swift; sourceTree = "<group>"; };
		45C93C5F1B8621AE00F60D9D /* EventCategoryListService.swift */ = {isa = PBXFileReference; fileEncoding = 4; lastKnownFileType = sourcecode.swift; path = EventCategoryListService.swift; sourceTree = "<group>"; };
		45C93C611B8621C100F60D9D /* VenueCategoryListService.swift */ = {isa = PBXFileReference; fileEncoding = 4; lastKnownFileType = sourcecode.swift; path = VenueCategoryListService.swift; sourceTree = "<group>"; };
		45C93C631B8621F600F60D9D /* ArtistCategoryListService.swift */ = {isa = PBXFileReference; fileEncoding = 4; lastKnownFileType = sourcecode.swift; path = ArtistCategoryListService.swift; sourceTree = "<group>"; };
		45C93C651B86225900F60D9D /* OrganizationCategoryListService.swift */ = {isa = PBXFileReference; fileEncoding = 4; lastKnownFileType = sourcecode.swift; path = OrganizationCategoryListService.swift; sourceTree = "<group>"; };
		45D8986E1B5E89E6003ED862 /* RegisterService.swift */ = {isa = PBXFileReference; fileEncoding = 4; lastKnownFileType = sourcecode.swift; path = RegisterService.swift; sourceTree = "<group>"; };
		45F8DF3B1BBD9BAF00886C3F /* UserFilters.swift */ = {isa = PBXFileReference; fileEncoding = 4; lastKnownFileType = sourcecode.swift; path = UserFilters.swift; sourceTree = "<group>"; };
		45FA05641B5D4158004AD819 /* Bruha.app */ = {isa = PBXFileReference; explicitFileType = wrapper.application; includeInIndex = 0; path = Bruha.app; sourceTree = BUILT_PRODUCTS_DIR; };
		45FA05681B5D4158004AD819 /* Info.plist */ = {isa = PBXFileReference; lastKnownFileType = text.plist.xml; path = Info.plist; sourceTree = "<group>"; };
		45FA05691B5D4158004AD819 /* AppDelegate.swift */ = {isa = PBXFileReference; lastKnownFileType = sourcecode.swift; path = AppDelegate.swift; sourceTree = "<group>"; };
		45FA056C1B5D4158004AD819 /* Bruha.xcdatamodel */ = {isa = PBXFileReference; lastKnownFileType = wrapper.xcdatamodel; path = Bruha.xcdatamodel; sourceTree = "<group>"; };
		45FA05731B5D4158004AD819 /* Images.xcassets */ = {isa = PBXFileReference; lastKnownFileType = folder.assetcatalog; path = Images.xcassets; sourceTree = "<group>"; };
		45FA05761B5D4158004AD819 /* Base */ = {isa = PBXFileReference; lastKnownFileType = file.xib; name = Base; path = Base.lproj/LaunchScreen.xib; sourceTree = "<group>"; };
		45FA057C1B5D4158004AD819 /* BruhaTests.xctest */ = {isa = PBXFileReference; explicitFileType = wrapper.cfbundle; includeInIndex = 0; path = BruhaTests.xctest; sourceTree = BUILT_PRODUCTS_DIR; };
		45FA05811B5D4158004AD819 /* Info.plist */ = {isa = PBXFileReference; lastKnownFileType = text.plist.xml; path = Info.plist; sourceTree = "<group>"; };
		45FA05821B5D4158004AD819 /* BruhaTests.swift */ = {isa = PBXFileReference; lastKnownFileType = sourcecode.swift; path = BruhaTests.swift; sourceTree = "<group>"; };
		45FA058C1B5D4188004AD819 /* Event.swift */ = {isa = PBXFileReference; fileEncoding = 4; lastKnownFileType = sourcecode.swift; path = Event.swift; sourceTree = "<group>"; };
		45FA058D1B5D4188004AD819 /* EventDBModel.swift */ = {isa = PBXFileReference; fileEncoding = 4; lastKnownFileType = sourcecode.swift; path = EventDBModel.swift; sourceTree = "<group>"; };
		45FA058E1B5D4188004AD819 /* Venue.swift */ = {isa = PBXFileReference; fileEncoding = 4; lastKnownFileType = sourcecode.swift; path = Venue.swift; sourceTree = "<group>"; };
		45FA058F1B5D4188004AD819 /* Artist.swift */ = {isa = PBXFileReference; fileEncoding = 4; lastKnownFileType = sourcecode.swift; path = Artist.swift; sourceTree = "<group>"; };
		45FA05901B5D4188004AD819 /* Organization.swift */ = {isa = PBXFileReference; fileEncoding = 4; lastKnownFileType = sourcecode.swift; path = Organization.swift; sourceTree = "<group>"; };
		45FA05911B5D4188004AD819 /* VenueDBModel.swift */ = {isa = PBXFileReference; fileEncoding = 4; lastKnownFileType = sourcecode.swift; path = VenueDBModel.swift; sourceTree = "<group>"; };
		45FA05921B5D4188004AD819 /* GlobalVariables.swift */ = {isa = PBXFileReference; fileEncoding = 4; lastKnownFileType = sourcecode.swift; path = GlobalVariables.swift; sourceTree = "<group>"; };
		45FA05931B5D4188004AD819 /* ArtistDBModel.swift */ = {isa = PBXFileReference; fileEncoding = 4; lastKnownFileType = sourcecode.swift; path = ArtistDBModel.swift; sourceTree = "<group>"; };
		45FA05941B5D4188004AD819 /* OrganizationDBModel.swift */ = {isa = PBXFileReference; fileEncoding = 4; lastKnownFileType = sourcecode.swift; path = OrganizationDBModel.swift; sourceTree = "<group>"; };
		45FA059E1B5D4190004AD819 /* EventService.swift */ = {isa = PBXFileReference; fileEncoding = 4; lastKnownFileType = sourcecode.swift; path = EventService.swift; sourceTree = "<group>"; };
		45FA059F1B5D4190004AD819 /* NetworkOperation.swift */ = {isa = PBXFileReference; fileEncoding = 4; lastKnownFileType = sourcecode.swift; path = NetworkOperation.swift; sourceTree = "<group>"; };
		45FA05A01B5D4190004AD819 /* VenueService.swift */ = {isa = PBXFileReference; fileEncoding = 4; lastKnownFileType = sourcecode.swift; path = VenueService.swift; sourceTree = "<group>"; };
		45FA05A11B5D4190004AD819 /* LoadScreenService.swift */ = {isa = PBXFileReference; fileEncoding = 4; lastKnownFileType = sourcecode.swift; path = LoadScreenService.swift; sourceTree = "<group>"; };
		45FA05A21B5D4190004AD819 /* ArtistService.swift */ = {isa = PBXFileReference; fileEncoding = 4; lastKnownFileType = sourcecode.swift; path = ArtistService.swift; sourceTree = "<group>"; };
		45FA05A31B5D4190004AD819 /* OrganizationService.swift */ = {isa = PBXFileReference; fileEncoding = 4; lastKnownFileType = sourcecode.swift; path = OrganizationService.swift; sourceTree = "<group>"; };
		45FA05AA1B5D4196004AD819 /* FetchData.swift */ = {isa = PBXFileReference; fileEncoding = 4; lastKnownFileType = sourcecode.swift; path = FetchData.swift; sourceTree = "<group>"; };
		45FA05AC1B5D4196004AD819 /* DeleteData.swift */ = {isa = PBXFileReference; fileEncoding = 4; lastKnownFileType = sourcecode.swift; path = DeleteData.swift; sourceTree = "<group>"; };
		45FA05B71B5D432C004AD819 /* SplashViewController.swift */ = {isa = PBXFileReference; fileEncoding = 4; lastKnownFileType = sourcecode.swift; path = SplashViewController.swift; sourceTree = "<group>"; };
		45FA05B91B5D63EB004AD819 /* Main.storyboard */ = {isa = PBXFileReference; fileEncoding = 4; lastKnownFileType = file.storyboard; path = Main.storyboard; sourceTree = "<group>"; };
		45FA05BB1B5D640A004AD819 /* LoginViewController.swift */ = {isa = PBXFileReference; fileEncoding = 4; lastKnownFileType = sourcecode.swift; path = LoginViewController.swift; sourceTree = "<group>"; };
		45FA05BC1B5D640A004AD819 /* SignUpViewController.swift */ = {isa = PBXFileReference; fileEncoding = 4; lastKnownFileType = sourcecode.swift; path = SignUpViewController.swift; sourceTree = "<group>"; };
		45FA05C01B5D6FCC004AD819 /* LoginService.swift */ = {isa = PBXFileReference; fileEncoding = 4; lastKnownFileType = sourcecode.swift; path = LoginService.swift; sourceTree = "<group>"; };
		45FA05C31B5D7000004AD819 /* User.swift */ = {isa = PBXFileReference; fileEncoding = 4; lastKnownFileType = sourcecode.swift; path = User.swift; sourceTree = "<group>"; };
		45FA05C51B5D7D9E004AD819 /* UserDBModel.swift */ = {isa = PBXFileReference; fileEncoding = 4; lastKnownFileType = sourcecode.swift; path = UserDBModel.swift; sourceTree = "<group>"; };
		4C40848564A9A9ABD06E1BFE /* libPods.a */ = {isa = PBXFileReference; explicitFileType = archive.ar; includeInIndex = 0; path = libPods.a; sourceTree = BUILT_PRODUCTS_DIR; };
		6624944801305D440270EA9D /* Pods.debug.xcconfig */ = {isa = PBXFileReference; includeInIndex = 1; lastKnownFileType = text.xcconfig; name = Pods.debug.xcconfig; path = "Pods/Target Support Files/Pods/Pods.debug.xcconfig"; sourceTree = "<group>"; };
		A501998B1C23239B0097624F /* UpComingEventsViewController.swift */ = {isa = PBXFileReference; fileEncoding = 4; lastKnownFileType = sourcecode.swift; path = UpComingEventsViewController.swift; sourceTree = "<group>"; };
		A502316F1C0F57C600FA4E7F /* FacebookService.swift */ = {isa = PBXFileReference; fileEncoding = 4; lastKnownFileType = sourcecode.swift; path = FacebookService.swift; sourceTree = "<group>"; };
		A505C0EA1BCEDC6D0067CDD1 /* UserEventDBModel.swift */ = {isa = PBXFileReference; fileEncoding = 4; lastKnownFileType = sourcecode.swift; path = UserEventDBModel.swift; sourceTree = "<group>"; };
		A505C0EC1BCEDD4B0067CDD1 /* UserVenueDBModel.swift */ = {isa = PBXFileReference; fileEncoding = 4; lastKnownFileType = sourcecode.swift; path = UserVenueDBModel.swift; sourceTree = "<group>"; };
		A505C0EE1BCEDDA20067CDD1 /* UserOrganizationDBModel.swift */ = {isa = PBXFileReference; fileEncoding = 4; lastKnownFileType = sourcecode.swift; path = UserOrganizationDBModel.swift; sourceTree = "<group>"; };
		A505C0F01BCEDEDA0067CDD1 /* UserEventSubCategoryDBModel.swift */ = {isa = PBXFileReference; fileEncoding = 4; lastKnownFileType = sourcecode.swift; path = UserEventSubCategoryDBModel.swift; sourceTree = "<group>"; };
		A505C0F21BCEE8730067CDD1 /* UploadListViewController.swift */ = {isa = PBXFileReference; fileEncoding = 4; lastKnownFileType = sourcecode.swift; path = UploadListViewController.swift; sourceTree = "<group>"; };
		A505C0F41BCEE9860067CDD1 /* UploadListPanelViewController.swift */ = {isa = PBXFileReference; fileEncoding = 4; lastKnownFileType = sourcecode.swift; path = UploadListPanelViewController.swift; sourceTree = "<group>"; };
		A505C0F61BD17B910067CDD1 /* LoadScreenViewController.swift */ = {isa = PBXFileReference; fileEncoding = 4; lastKnownFileType = sourcecode.swift; path = LoadScreenViewController.swift; sourceTree = "<group>"; };
		A537502B1C57C78900178357 /* UpComingCalendarViewController.swift */ = {isa = PBXFileReference; fileEncoding = 4; lastKnownFileType = sourcecode.swift; path = UpComingCalendarViewController.swift; sourceTree = "<group>"; };
		A57657901C1F6E4300F871A2 /* OpenSans-Bold.ttf */ = {isa = PBXFileReference; lastKnownFileType = file; path = "OpenSans-Bold.ttf"; sourceTree = "<group>"; };
		A57657911C1F6E4300F871A2 /* OpenSans-BoldItalic.ttf */ = {isa = PBXFileReference; lastKnownFileType = file; path = "OpenSans-BoldItalic.ttf"; sourceTree = "<group>"; };
		A57657921C1F6E4300F871A2 /* OpenSans-ExtraBold.ttf */ = {isa = PBXFileReference; lastKnownFileType = file; path = "OpenSans-ExtraBold.ttf"; sourceTree = "<group>"; };
		A57657931C1F6E4300F871A2 /* OpenSans-ExtraBoldItalic.ttf */ = {isa = PBXFileReference; lastKnownFileType = file; path = "OpenSans-ExtraBoldItalic.ttf"; sourceTree = "<group>"; };
		A57657941C1F6E4300F871A2 /* OpenSans-Italic.ttf */ = {isa = PBXFileReference; lastKnownFileType = file; path = "OpenSans-Italic.ttf"; sourceTree = "<group>"; };
		A57657951C1F6E4300F871A2 /* OpenSans-Light.ttf */ = {isa = PBXFileReference; lastKnownFileType = file; path = "OpenSans-Light.ttf"; sourceTree = "<group>"; };
		A57657961C1F6E4300F871A2 /* OpenSans-LightItalic.ttf */ = {isa = PBXFileReference; lastKnownFileType = file; path = "OpenSans-LightItalic.ttf"; sourceTree = "<group>"; };
		A57657971C1F6E4300F871A2 /* OpenSans-Regular.ttf */ = {isa = PBXFileReference; lastKnownFileType = file; path = "OpenSans-Regular.ttf"; sourceTree = "<group>"; };
		A57657981C1F6E4300F871A2 /* OpenSans-Semibold.ttf */ = {isa = PBXFileReference; lastKnownFileType = file; path = "OpenSans-Semibold.ttf"; sourceTree = "<group>"; };
		A57657991C1F6E4300F871A2 /* OpenSans-SemiboldItalic.ttf */ = {isa = PBXFileReference; lastKnownFileType = file; path = "OpenSans-SemiboldItalic.ttf"; sourceTree = "<group>"; };
		A57657A41C1F6E5400F871A2 /* Domine-Bold.ttf */ = {isa = PBXFileReference; lastKnownFileType = file; path = "Domine-Bold.ttf"; sourceTree = "<group>"; };
		A57657A51C1F6E5400F871A2 /* Domine-Regular.ttf */ = {isa = PBXFileReference; lastKnownFileType = file; path = "Domine-Regular.ttf"; sourceTree = "<group>"; };
		A580A4E71BFE797300CB6F2E /* CategoryHeaderCellTableViewCell.xib */ = {isa = PBXFileReference; fileEncoding = 4; lastKnownFileType = file.xib; path = CategoryHeaderCellTableViewCell.xib; sourceTree = "<group>"; };
		A580A4E91BFE7A8C00CB6F2E /* CategoryHeaderCellTableViewCell.swift */ = {isa = PBXFileReference; fileEncoding = 4; lastKnownFileType = sourcecode.swift; path = CategoryHeaderCellTableViewCell.swift; sourceTree = "<group>"; };
		A5820A911BDFB06300D78675 /* Filtering.swift */ = {isa = PBXFileReference; fileEncoding = 4; lastKnownFileType = sourcecode.swift; path = Filtering.swift; sourceTree = "<group>"; };
		A58A3A201BB9780800601749 /* AddictionEventDBModel.swift */ = {isa = PBXFileReference; fileEncoding = 4; lastKnownFileType = sourcecode.swift; path = AddictionEventDBModel.swift; sourceTree = "<group>"; };
		A58A3A251BB980B200601749 /* AddictionEvent.swift */ = {isa = PBXFileReference; fileEncoding = 4; lastKnownFileType = sourcecode.swift; path = AddictionEvent.swift; sourceTree = "<group>"; };
		A59443A01C03C088000B3969 /* Image.swift */ = {isa = PBXFileReference; fileEncoding = 4; lastKnownFileType = sourcecode.swift; path = Image.swift; sourceTree = "<group>"; };
		A5967F161C2067E700559FC9 /* MoreInformationViewController.swift */ = {isa = PBXFileReference; fileEncoding = 4; lastKnownFileType = sourcecode.swift; path = MoreInformationViewController.swift; sourceTree = "<group>"; };
		A5C96A821C3AE5460051EF1C /* EventMoreInfomationViewController.swift */ = {isa = PBXFileReference; fileEncoding = 4; lastKnownFileType = sourcecode.swift; path = EventMoreInfomationViewController.swift; sourceTree = "<group>"; };
		A5C96A841C3AEF770051EF1C /* AffiliatedOrgViewController.swift */ = {isa = PBXFileReference; fileEncoding = 4; lastKnownFileType = sourcecode.swift; path = AffiliatedOrgViewController.swift; sourceTree = "<group>"; };
		A5CAB5771BED1ECE007E597B /* MapDropTableViewCell.xib */ = {isa = PBXFileReference; fileEncoding = 4; lastKnownFileType = file.xib; path = MapDropTableViewCell.xib; sourceTree = "<group>"; };
		A5CAB5791BED2145007E597B /* MapDropTableViewCell.swift */ = {isa = PBXFileReference; fileEncoding = 4; lastKnownFileType = sourcecode.swift; path = MapDropTableViewCell.swift; sourceTree = "<group>"; };
		A5D34D5F1C06122C005F6236 /* FBSDKCoreKit.framework */ = {isa = PBXFileReference; lastKnownFileType = wrapper.framework; path = FBSDKCoreKit.framework; sourceTree = "<group>"; };
		A5D34D601C06122C005F6236 /* FBSDKLoginKit.framework */ = {isa = PBXFileReference; lastKnownFileType = wrapper.framework; path = FBSDKLoginKit.framework; sourceTree = "<group>"; };
		A5D34D611C06122C005F6236 /* FBSDKShareKit.framework */ = {isa = PBXFileReference; lastKnownFileType = wrapper.framework; path = FBSDKShareKit.framework; sourceTree = "<group>"; };
		A5D34D651C07B92A005F6236 /* ImageList+CoreDataProperties.swift */ = {isa = PBXFileReference; fileEncoding = 4; lastKnownFileType = sourcecode.swift; path = "ImageList+CoreDataProperties.swift"; sourceTree = "<group>"; };
		A5D34D661C07B92A005F6236 /* ImageDBModel.swift */ = {isa = PBXFileReference; fileEncoding = 4; lastKnownFileType = sourcecode.swift; path = ImageDBModel.swift; sourceTree = "<group>"; };
		A5D90DFB1BBDD1A600537F72 /* AddictionArtistDBModel.swift */ = {isa = PBXFileReference; fileEncoding = 4; lastKnownFileType = sourcecode.swift; path = AddictionArtistDBModel.swift; sourceTree = "<group>"; };
		A5D90DFD1BBDD22000537F72 /* AddictionOrganizationDBModel.swift */ = {isa = PBXFileReference; fileEncoding = 4; lastKnownFileType = sourcecode.swift; path = AddictionOrganizationDBModel.swift; sourceTree = "<group>"; };
		A5D90DFF1BBDD28700537F72 /* AddictionVenueDBModel.swift */ = {isa = PBXFileReference; fileEncoding = 4; lastKnownFileType = sourcecode.swift; path = AddictionVenueDBModel.swift; sourceTree = "<group>"; };
		A5D90E011BBDD60300537F72 /* AddictionArtist.swift */ = {isa = PBXFileReference; fileEncoding = 4; lastKnownFileType = sourcecode.swift; path = AddictionArtist.swift; sourceTree = "<group>"; };
		A5D90E031BBDD72000537F72 /* AddictionOrganization.swift */ = {isa = PBXFileReference; fileEncoding = 4; lastKnownFileType = sourcecode.swift; path = AddictionOrganization.swift; sourceTree = "<group>"; };
		A5D90E051BBDD79300537F72 /* AddictionVenue.swift */ = {isa = PBXFileReference; fileEncoding = 4; lastKnownFileType = sourcecode.swift; path = AddictionVenue.swift; sourceTree = "<group>"; };
		A5E4EAD01BBEDFE500DAEE9D /* AddictionListViewController.swift */ = {isa = PBXFileReference; fileEncoding = 4; lastKnownFileType = sourcecode.swift; path = AddictionListViewController.swift; sourceTree = "<group>"; };
		A5E4EAD21BC2BC3900DAEE9D /* AddictionListPanelViewController.swift */ = {isa = PBXFileReference; fileEncoding = 4; lastKnownFileType = sourcecode.swift; path = AddictionListPanelViewController.swift; sourceTree = "<group>"; };
		A5F286631C47023D004A1860 /* OrderedDictionary.swift */ = {isa = PBXFileReference; fileEncoding = 4; lastKnownFileType = sourcecode.swift; path = OrderedDictionary.swift; sourceTree = "<group>"; };
		CCB1783DB671A2F9EF9B679A /* Pods.release.xcconfig */ = {isa = PBXFileReference; includeInIndex = 1; lastKnownFileType = text.xcconfig; name = Pods.release.xcconfig; path = "Pods/Target Support Files/Pods/Pods.release.xcconfig"; sourceTree = "<group>"; };
/* End PBXFileReference section */

/* Begin PBXFrameworksBuildPhase section */
		45FA05611B5D4158004AD819 /* Frameworks */ = {
			isa = PBXFrameworksBuildPhase;
			buildActionMask = 2147483647;
			files = (
				180F6E3E1B7523D200F86BF5 /* SystemConfiguration.framework in Frameworks */,
				180F6E3C1B7523CA00F86BF5 /* QuartzCore.framework in Frameworks */,
				A5D34D641C06122C005F6236 /* FBSDKShareKit.framework in Frameworks */,
				180F6E3A1B7523BF00F86BF5 /* OpenGLES.framework in Frameworks */,
				180F6E381B7523B700F86BF5 /* libz.dylib in Frameworks */,
				180F6E361B7523AE00F86BF5 /* libicucore.dylib in Frameworks */,
				180F6E341B7523A600F86BF5 /* libc++.dylib in Frameworks */,
				180F6E321B75239E00F86BF5 /* ImageIO.framework in Frameworks */,
				180F6E301B75239600F86BF5 /* GLKit.framework in Frameworks */,
				180F6E2E1B75238D00F86BF5 /* CoreText.framework in Frameworks */,
				180F6E2C1B75238400F86BF5 /* CoreLocation.framework in Frameworks */,
				A5D34D621C06122C005F6236 /* FBSDKCoreKit.framework in Frameworks */,
				180F6E2A1B75237B00F86BF5 /* CoreData.framework in Frameworks */,
				180F6E281B75236E00F86BF5 /* AVFoundation.framework in Frameworks */,
				180F6E241B75231200F86BF5 /* GoogleMaps.framework in Frameworks */,
				A5D34D631C06122C005F6236 /* FBSDKLoginKit.framework in Frameworks */,
				3FBD3EDB6177AE183A0340DF /* libPods.a in Frameworks */,
			);
			runOnlyForDeploymentPostprocessing = 0;
		};
		45FA05791B5D4158004AD819 /* Frameworks */ = {
			isa = PBXFrameworksBuildPhase;
			buildActionMask = 2147483647;
			files = (
			);
			runOnlyForDeploymentPostprocessing = 0;
		};
/* End PBXFrameworksBuildPhase section */

/* Begin PBXGroup section */
		181EB6041B714B6300B9295E /* CalendarKit */ = {
			isa = PBXGroup;
			children = (
				181EB6051B714B7600B9295E /* CalendarView.swift */,
				181EB6061B714B7600B9295E /* CalendarView.xib */,
				181EB6071B714B7600B9295E /* MonthCollectionCell.swift */,
				181EB6081B714B7600B9295E /* MonthCollectionCell.xib */,
				181EB6091B714B7600B9295E /* DayCollectionCell.swift */,
				181EB60A1B714B7600B9295E /* DayCollectionCell.xib */,
				181EB60B1B714B7600B9295E /* WeekHeaderView.swift */,
				181EB60C1B714B7600B9295E /* WeekHeaderView.xib */,
				181EB60D1B714B7600B9295E /* CalendarLogic.swift */,
				181EB60E1B714B7600B9295E /* Date.swift */,
				181EB60F1B714B7600B9295E /* NSDateAdditions.swift */,
			);
			name = CalendarKit;
			sourceTree = "<group>";
		};
		362D85F350E635FF6DAABD23 /* Pods */ = {
			isa = PBXGroup;
			children = (
				6624944801305D440270EA9D /* Pods.debug.xcconfig */,
				CCB1783DB671A2F9EF9B679A /* Pods.release.xcconfig */,
			);
			name = Pods;
			sourceTree = "<group>";
		};
		45AFAF1E1B60313D00BA6854 /* Controllers */ = {
			isa = PBXGroup;
			children = (
				45FA05B71B5D432C004AD819 /* SplashViewController.swift */,
				1835F8F41B5ECF3500FD1BD1 /* DashBoardViewController.swift */,
				184231F91B5FF173003948F5 /* ProfileViewController.swift */,
				180F6DFD1B75006800F86BF5 /* MapViewController.swift */,
				452BC0CF1B7937D5003E7142 /* MapFilterPanelViewController.swift */,
				4560C5481B66D42000AB5382 /* ExploreListViewController.swift */,
				18D2169C1B6BF1D9005DAAA8 /* ExploreListPanelViewController.swift */,
				1892A7FF1BEAFADE0063DFBB /* MoreInfoViewController.swift */,
				1892A8011BEAFC5D0063DFBB /* MoreInfoPanelViewController.swift */,
				45FA05BB1B5D640A004AD819 /* LoginViewController.swift */,
				45FA05BC1B5D640A004AD819 /* SignUpViewController.swift */,
				A5E4EAD01BBEDFE500DAEE9D /* AddictionListViewController.swift */,
				A5E4EAD21BC2BC3900DAEE9D /* AddictionListPanelViewController.swift */,
				A505C0F21BCEE8730067CDD1 /* UploadListViewController.swift */,
				A505C0F41BCEE9860067CDD1 /* UploadListPanelViewController.swift */,
				A505C0F61BD17B910067CDD1 /* LoadScreenViewController.swift */,
				3C4FA13E1C04EE150034610E /* ShowOnMapViewController.swift */,
				A5967F161C2067E700559FC9 /* MoreInformationViewController.swift */,
				A501998B1C23239B0097624F /* UpComingEventsViewController.swift */,
				A5C96A821C3AE5460051EF1C /* EventMoreInfomationViewController.swift */,
				A5C96A841C3AEF770051EF1C /* AffiliatedOrgViewController.swift */,
				A537502B1C57C78900178357 /* UpComingCalendarViewController.swift */,
			);
			name = Controllers;
			sourceTree = "<group>";
		};
		45AFAF201B60317200BA6854 /* Data Call Models */ = {
			isa = PBXGroup;
			children = (
				45FA05B21B5D4287004AD819 /* Core Data Calls */,
				45FA05B11B5D4280004AD819 /* PHP Calls */,
			);
			name = "Data Call Models";
			sourceTree = "<group>";
		};
		45AFAF211B60331100BA6854 /* Processing */ = {
			isa = PBXGroup;
			children = (
				45AFAF221B60332E00BA6854 /* CredentialCheck.swift */,
				A5820A911BDFB06300D78675 /* Filtering.swift */,
			);
			name = Processing;
			sourceTree = "<group>";
		};
		45C6D5BA1B851A8000EE4A05 /* CategoryLists */ = {
			isa = PBXGroup;
			children = (
				45C6D5B61B851A5A00EE4A05 /* VenueCategoriesDBModel.swift */,
				45C6D5B81B851A7200EE4A05 /* ArtistCategoriesDBModel.swift */,
				45C6D5BB1B851ABC00EE4A05 /* OrganizationCategoriesDBModel.swift */,
				45C6D5BD1B851ACE00EE4A05 /* EventPrimaryCategoriesDBModel.swift */,
				45C6D5BF1B851ADE00EE4A05 /* EventSubCategoriesDBModel.swift */,
			);
			name = CategoryLists;
			sourceTree = "<group>";
		};
		45C6D5C11B851B9100EE4A05 /* CategoryLists */ = {
			isa = PBXGroup;
			children = (
				45C93C5F1B8621AE00F60D9D /* EventCategoryListService.swift */,
				45C93C611B8621C100F60D9D /* VenueCategoryListService.swift */,
				45C93C631B8621F600F60D9D /* ArtistCategoryListService.swift */,
				45C93C651B86225900F60D9D /* OrganizationCategoryListService.swift */,
			);
			name = CategoryLists;
			sourceTree = "<group>";
		};
		45C938461B8B5B0700BB0D0C /* SplashScreen */ = {
			isa = PBXGroup;
			children = (
				1891B2831B86530C000949C8 /* SplashOne.xib */,
				1891B28B1B86618E000949C8 /* SplashTwo.xib */,
				1891B28D1B866FFE000949C8 /* SplashThree.xib */,
				18CFAAAA1B876C7A00FE3976 /* SplashFour.xib */,
				18CFAAAE1B876F0C00FE3976 /* SplashFive.xib */,
			);
			name = SplashScreen;
			sourceTree = "<group>";
		};
		45FA055B1B5D4158004AD819 = {
			isa = PBXGroup;
			children = (
				45FA05661B5D4158004AD819 /* Bruha */,
				45FA057F1B5D4158004AD819 /* BruhaTests */,
				45FA05651B5D4158004AD819 /* Products */,
				362D85F350E635FF6DAABD23 /* Pods */,
				967CB96399E390486C72E3DF /* Frameworks */,
			);
			sourceTree = "<group>";
		};
		45FA05651B5D4158004AD819 /* Products */ = {
			isa = PBXGroup;
			children = (
				45FA05641B5D4158004AD819 /* Bruha.app */,
				45FA057C1B5D4158004AD819 /* BruhaTests.xctest */,
			);
			name = Products;
			sourceTree = "<group>";
		};
		45FA05661B5D4158004AD819 /* Bruha */ = {
			isa = PBXGroup;
			children = (
				45FA05921B5D4188004AD819 /* GlobalVariables.swift */,
				187B7D701C2DA44200B338C8 /* CalendarViewController.swift */,
				1834845B1B7E347D00EA0D13 /* VenueView.xib */,
				1834845D1B7E352F00EA0D13 /* VenueView.swift */,
				1834845F1B7E704B00EA0D13 /* ArtistView.swift */,
				183484611B7E71CF00EA0D13 /* OrganizationView.swift */,
				1891B2811B86529B000949C8 /* SplashView.swift */,
				183286A81B6806B2007B5134 /* Bridging-Header.h */,
				181EB6041B714B6300B9295E /* CalendarKit */,
				45AFAF211B60331100BA6854 /* Processing */,
				45AFAF201B60317200BA6854 /* Data Call Models */,
				45FA05B01B5D4278004AD819 /* Object Models */,
				45AFAF1E1B60313D00BA6854 /* Controllers */,
				45FA05BF1B5D6F76004AD819 /* Views */,
				45FA05731B5D4158004AD819 /* Images.xcassets */,
				45FA05671B5D4158004AD819 /* Supporting Files */,
			);
			path = Bruha;
			sourceTree = "<group>";
		};
		45FA05671B5D4158004AD819 /* Supporting Files */ = {
			isa = PBXGroup;
			children = (
				45FA056B1B5D4158004AD819 /* Bruha.xcdatamodeld */,
				1835F8F21B5EAD7200FD1BD1 /* Reachability.swift */,
				45FA05691B5D4158004AD819 /* AppDelegate.swift */,
				A5F286631C47023D004A1860 /* OrderedDictionary.swift */,
				45FA05681B5D4158004AD819 /* Info.plist */,
				A576578F1C1F6E2A00F871A2 /* Font */,
			);
			name = "Supporting Files";
			sourceTree = "<group>";
		};
		45FA057F1B5D4158004AD819 /* BruhaTests */ = {
			isa = PBXGroup;
			children = (
				45FA05821B5D4158004AD819 /* BruhaTests.swift */,
				45FA05801B5D4158004AD819 /* Supporting Files */,
			);
			path = BruhaTests;
			sourceTree = "<group>";
		};
		45FA05801B5D4158004AD819 /* Supporting Files */ = {
			isa = PBXGroup;
			children = (
				45FA05811B5D4158004AD819 /* Info.plist */,
			);
			name = "Supporting Files";
			sourceTree = "<group>";
		};
		45FA05B01B5D4278004AD819 /* Object Models */ = {
			isa = PBXGroup;
			children = (
				45FA05C21B5D6FDD004AD819 /* LocalDB */,
				A5D90E011BBDD60300537F72 /* AddictionArtist.swift */,
				A58A3A251BB980B200601749 /* AddictionEvent.swift */,
				A5D90E031BBDD72000537F72 /* AddictionOrganization.swift */,
				A5D90E051BBDD79300537F72 /* AddictionVenue.swift */,
				45FA058C1B5D4188004AD819 /* Event.swift */,
				45FA058E1B5D4188004AD819 /* Venue.swift */,
				45FA058F1B5D4188004AD819 /* Artist.swift */,
				45FA05901B5D4188004AD819 /* Organization.swift */,
				45FA05C31B5D7000004AD819 /* User.swift */,
				45C938AB1B8D089800BB0D0C /* Categories.swift */,
				A59443A01C03C088000B3969 /* Image.swift */,
				45F8DF3B1BBD9BAF00886C3F /* UserFilters.swift */,
			);
			name = "Object Models";
			sourceTree = "<group>";
		};
		45FA05B11B5D4280004AD819 /* PHP Calls */ = {
			isa = PBXGroup;
			children = (
				45C6D5C11B851B9100EE4A05 /* CategoryLists */,
				45FA059E1B5D4190004AD819 /* EventService.swift */,
				45FA059F1B5D4190004AD819 /* NetworkOperation.swift */,
				45FA05A01B5D4190004AD819 /* VenueService.swift */,
				45FA05A11B5D4190004AD819 /* LoadScreenService.swift */,
				45FA05A21B5D4190004AD819 /* ArtistService.swift */,
				45FA05A31B5D4190004AD819 /* OrganizationService.swift */,
				45FA05C01B5D6FCC004AD819 /* LoginService.swift */,
				45D8986E1B5E89E6003ED862 /* RegisterService.swift */,
				A502316F1C0F57C600FA4E7F /* FacebookService.swift */,
			);
			name = "PHP Calls";
			sourceTree = "<group>";
		};
		45FA05B21B5D4287004AD819 /* Core Data Calls */ = {
			isa = PBXGroup;
			children = (
				45FA05AA1B5D4196004AD819 /* FetchData.swift */,
				4560C5461B66D09900AB5382 /* SaveData.swift */,
				45FA05AC1B5D4196004AD819 /* DeleteData.swift */,
			);
			name = "Core Data Calls";
			sourceTree = "<group>";
		};
		45FA05BF1B5D6F76004AD819 /* Views */ = {
			isa = PBXGroup;
			children = (
				45C938461B8B5B0700BB0D0C /* SplashScreen */,
				45FA05751B5D4158004AD819 /* LaunchScreen.xib */,
				45FA05B91B5D63EB004AD819 /* Main.storyboard */,
				18E2DD8B1B69537D007C61B5 /* DashLine.swift */,
				180B05931BE464E800E2F46F /* HorizontalLine.swift */,
				A580A4E71BFE797300CB6F2E /* CategoryHeaderCellTableViewCell.xib */,
				A580A4E91BFE7A8C00CB6F2E /* CategoryHeaderCellTableViewCell.swift */,
				4560C54C1B66D45100AB5382 /* EventRectangleView.swift */,
				4560C54A1B66D44700AB5382 /* EventCircleView.swift */,
				18A98A741B84C8CF0016AF7E /* EventTableViewCell.xib */,
				A5CAB5771BED1ECE007E597B /* MapDropTableViewCell.xib */,
				A5CAB5791BED2145007E597B /* MapDropTableViewCell.swift */,
				452BC0C31B791068003E7142 /* VenueTableViewCell.xib */,
				452BC0C51B79118F003E7142 /* ArtistTableViewCell.xib */,
				452BC0C71B79119D003E7142 /* OrganizationTableViewCell.xib */,
				4560C54E1B66D49800AB5382 /* EventTableViewCell.swift */,
				452BC0C91B791238003E7142 /* VenueTableViewCell.swift */,
				452BC0CB1B791251003E7142 /* ArtistTableViewCell.swift */,
				452BC0CD1B791260003E7142 /* OrganizationTableViewCell.swift */,
				453FB8191BB5A78D00CA0D81 /* CAGradientLayer.swift */,
			);
			name = Views;
			sourceTree = "<group>";
		};
		45FA05C21B5D6FDD004AD819 /* LocalDB */ = {
			isa = PBXGroup;
			children = (
				45C6D5BA1B851A8000EE4A05 /* CategoryLists */,
				45FA058D1B5D4188004AD819 /* EventDBModel.swift */,
				45FA05931B5D4188004AD819 /* ArtistDBModel.swift */,
				45FA05911B5D4188004AD819 /* VenueDBModel.swift */,
				45FA05941B5D4188004AD819 /* OrganizationDBModel.swift */,
				45FA05C51B5D7D9E004AD819 /* UserDBModel.swift */,
				45C0F5F81B7BBE780041A1C8 /* EventSubCategoryDBModel.swift */,
				A5D90DFB1BBDD1A600537F72 /* AddictionArtistDBModel.swift */,
				A58A3A201BB9780800601749 /* AddictionEventDBModel.swift */,
				A5D90DFD1BBDD22000537F72 /* AddictionOrganizationDBModel.swift */,
				A5D90DFF1BBDD28700537F72 /* AddictionVenueDBModel.swift */,
				A505C0EA1BCEDC6D0067CDD1 /* UserEventDBModel.swift */,
				A505C0EC1BCEDD4B0067CDD1 /* UserVenueDBModel.swift */,
				A505C0EE1BCEDDA20067CDD1 /* UserOrganizationDBModel.swift */,
				A505C0F01BCEDEDA0067CDD1 /* UserEventSubCategoryDBModel.swift */,
				A5D34D651C07B92A005F6236 /* ImageList+CoreDataProperties.swift */,
				A5D34D661C07B92A005F6236 /* ImageDBModel.swift */,
			);
			name = LocalDB;
			sourceTree = "<group>";
		};
		967CB96399E390486C72E3DF /* Frameworks */ = {
			isa = PBXGroup;
			children = (
				A5D34D5F1C06122C005F6236 /* FBSDKCoreKit.framework */,
				A5D34D601C06122C005F6236 /* FBSDKLoginKit.framework */,
				A5D34D611C06122C005F6236 /* FBSDKShareKit.framework */,
				180F6E3D1B7523D200F86BF5 /* SystemConfiguration.framework */,
				180F6E3B1B7523CA00F86BF5 /* QuartzCore.framework */,
				180F6E391B7523BF00F86BF5 /* OpenGLES.framework */,
				180F6E371B7523B700F86BF5 /* libz.dylib */,
				180F6E351B7523AE00F86BF5 /* libicucore.dylib */,
				180F6E331B7523A600F86BF5 /* libc++.dylib */,
				180F6E311B75239E00F86BF5 /* ImageIO.framework */,
				180F6E2F1B75239600F86BF5 /* GLKit.framework */,
				180F6E2D1B75238D00F86BF5 /* CoreText.framework */,
				180F6E2B1B75238300F86BF5 /* CoreLocation.framework */,
				180F6E291B75237B00F86BF5 /* CoreData.framework */,
				180F6E271B75236E00F86BF5 /* AVFoundation.framework */,
				180F6E251B75232700F86BF5 /* GoogleMaps.bundle */,
				180F6E231B75231200F86BF5 /* GoogleMaps.framework */,
				4C40848564A9A9ABD06E1BFE /* libPods.a */,
			);
			name = Frameworks;
			sourceTree = "<group>";
		};
		A576578F1C1F6E2A00F871A2 /* Font */ = {
			isa = PBXGroup;
			children = (
				A57657A41C1F6E5400F871A2 /* Domine-Bold.ttf */,
				A57657A51C1F6E5400F871A2 /* Domine-Regular.ttf */,
				A57657901C1F6E4300F871A2 /* OpenSans-Bold.ttf */,
				A57657911C1F6E4300F871A2 /* OpenSans-BoldItalic.ttf */,
				A57657921C1F6E4300F871A2 /* OpenSans-ExtraBold.ttf */,
				A57657931C1F6E4300F871A2 /* OpenSans-ExtraBoldItalic.ttf */,
				A57657941C1F6E4300F871A2 /* OpenSans-Italic.ttf */,
				A57657951C1F6E4300F871A2 /* OpenSans-Light.ttf */,
				A57657961C1F6E4300F871A2 /* OpenSans-LightItalic.ttf */,
				A57657971C1F6E4300F871A2 /* OpenSans-Regular.ttf */,
				A57657981C1F6E4300F871A2 /* OpenSans-Semibold.ttf */,
				A57657991C1F6E4300F871A2 /* OpenSans-SemiboldItalic.ttf */,
			);
			name = Font;
			sourceTree = "<group>";
		};
/* End PBXGroup section */

/* Begin PBXNativeTarget section */
		45FA05631B5D4158004AD819 /* Bruha */ = {
			isa = PBXNativeTarget;
			buildConfigurationList = 45FA05861B5D4158004AD819 /* Build configuration list for PBXNativeTarget "Bruha" */;
			buildPhases = (
				D35B42DB40CB68F6EF4FEDE6 /* Check Pods Manifest.lock */,
				45FA05601B5D4158004AD819 /* Sources */,
				45FA05611B5D4158004AD819 /* Frameworks */,
				45FA05621B5D4158004AD819 /* Resources */,
				F2702752EFC1092DF107D470 /* Copy Pods Resources */,
				550E9F9AC0690FBE967EF02C /* Embed Pods Frameworks */,
			);
			buildRules = (
			);
			dependencies = (
			);
			name = Bruha;
			productName = Bruha;
			productReference = 45FA05641B5D4158004AD819 /* Bruha.app */;
			productType = "com.apple.product-type.application";
		};
		45FA057B1B5D4158004AD819 /* BruhaTests */ = {
			isa = PBXNativeTarget;
			buildConfigurationList = 45FA05891B5D4158004AD819 /* Build configuration list for PBXNativeTarget "BruhaTests" */;
			buildPhases = (
				45FA05781B5D4158004AD819 /* Sources */,
				45FA05791B5D4158004AD819 /* Frameworks */,
				45FA057A1B5D4158004AD819 /* Resources */,
			);
			buildRules = (
			);
			dependencies = (
				45FA057E1B5D4158004AD819 /* PBXTargetDependency */,
			);
			name = BruhaTests;
			productName = BruhaTests;
			productReference = 45FA057C1B5D4158004AD819 /* BruhaTests.xctest */;
			productType = "com.apple.product-type.bundle.unit-test";
		};
/* End PBXNativeTarget section */

/* Begin PBXProject section */
		45FA055C1B5D4158004AD819 /* Project object */ = {
			isa = PBXProject;
			attributes = {
				LastSwiftMigration = 0700;
				LastSwiftUpdateCheck = 0700;
				LastUpgradeCheck = 0700;
				ORGANIZATIONNAME = Bruha;
				TargetAttributes = {
					45FA05631B5D4158004AD819 = {
						CreatedOnToolsVersion = 6.4;
						DevelopmentTeam = PS3272THNU;
					};
					45FA057B1B5D4158004AD819 = {
						CreatedOnToolsVersion = 6.4;
						TestTargetID = 45FA05631B5D4158004AD819;
					};
				};
			};
			buildConfigurationList = 45FA055F1B5D4158004AD819 /* Build configuration list for PBXProject "Bruha" */;
			compatibilityVersion = "Xcode 3.2";
			developmentRegion = English;
			hasScannedForEncodings = 0;
			knownRegions = (
				en,
				Base,
			);
			mainGroup = 45FA055B1B5D4158004AD819;
			productRefGroup = 45FA05651B5D4158004AD819 /* Products */;
			projectDirPath = "";
			projectRoot = "";
			targets = (
				45FA05631B5D4158004AD819 /* Bruha */,
				45FA057B1B5D4158004AD819 /* BruhaTests */,
			);
		};
/* End PBXProject section */

/* Begin PBXResourcesBuildPhase section */
		45FA05621B5D4158004AD819 /* Resources */ = {
			isa = PBXResourcesBuildPhase;
			buildActionMask = 2147483647;
			files = (
				A576579F1C1F6E4300F871A2 /* OpenSans-Light.ttf in Resources */,
				45F8DF3D1BBDF00E00886C3F /* LaunchScreen.xib in Resources */,
				1834845C1B7E347D00EA0D13 /* VenueView.xib in Resources */,
				A57657A61C1F6E5400F871A2 /* Domine-Bold.ttf in Resources */,
				A5CAB5781BED1ECE007E597B /* MapDropTableViewCell.xib in Resources */,
				A576579C1C1F6E4300F871A2 /* OpenSans-ExtraBold.ttf in Resources */,
				18CFAAAB1B876C7A00FE3976 /* SplashFour.xib in Resources */,
				452BC0C61B79118F003E7142 /* ArtistTableViewCell.xib in Resources */,
				45FA05BA1B5D63EB004AD819 /* Main.storyboard in Resources */,
				A57657A71C1F6E5400F871A2 /* Domine-Regular.ttf in Resources */,
				A576579D1C1F6E4300F871A2 /* OpenSans-ExtraBoldItalic.ttf in Resources */,
				A576579E1C1F6E4300F871A2 /* OpenSans-Italic.ttf in Resources */,
				A57657A21C1F6E4300F871A2 /* OpenSans-Semibold.ttf in Resources */,
				A57657A11C1F6E4300F871A2 /* OpenSans-Regular.ttf in Resources */,
				A580A4E81BFE797300CB6F2E /* CategoryHeaderCellTableViewCell.xib in Resources */,
				18CFAAAF1B876F0C00FE3976 /* SplashFive.xib in Resources */,
				A576579A1C1F6E4300F871A2 /* OpenSans-Bold.ttf in Resources */,
				1891B28E1B866FFE000949C8 /* SplashThree.xib in Resources */,
				A57657A31C1F6E4300F871A2 /* OpenSans-SemiboldItalic.ttf in Resources */,
				1891B28C1B86618E000949C8 /* SplashTwo.xib in Resources */,
				181EB6131B714B7600B9295E /* MonthCollectionCell.xib in Resources */,
				181EB6171B714B7600B9295E /* WeekHeaderView.xib in Resources */,
				181EB6111B714B7600B9295E /* CalendarView.xib in Resources */,
				A576579B1C1F6E4300F871A2 /* OpenSans-BoldItalic.ttf in Resources */,
				452BC0C41B791068003E7142 /* VenueTableViewCell.xib in Resources */,
				181EB6151B714B7600B9295E /* DayCollectionCell.xib in Resources */,
				45FA05741B5D4158004AD819 /* Images.xcassets in Resources */,
				180F6E261B75232700F86BF5 /* GoogleMaps.bundle in Resources */,
				452BC0C81B79119D003E7142 /* OrganizationTableViewCell.xib in Resources */,
				1891B2841B86530C000949C8 /* SplashOne.xib in Resources */,
				18A98A751B84C8CF0016AF7E /* EventTableViewCell.xib in Resources */,
				A57657A01C1F6E4300F871A2 /* OpenSans-LightItalic.ttf in Resources */,
			);
			runOnlyForDeploymentPostprocessing = 0;
		};
		45FA057A1B5D4158004AD819 /* Resources */ = {
			isa = PBXResourcesBuildPhase;
			buildActionMask = 2147483647;
			files = (
			);
			runOnlyForDeploymentPostprocessing = 0;
		};
/* End PBXResourcesBuildPhase section */

/* Begin PBXShellScriptBuildPhase section */
		550E9F9AC0690FBE967EF02C /* Embed Pods Frameworks */ = {
			isa = PBXShellScriptBuildPhase;
			buildActionMask = 2147483647;
			files = (
			);
			inputPaths = (
			);
			name = "Embed Pods Frameworks";
			outputPaths = (
			);
			runOnlyForDeploymentPostprocessing = 0;
			shellPath = /bin/sh;
			shellScript = "\"${SRCROOT}/Pods/Target Support Files/Pods/Pods-frameworks.sh\"\n";
			showEnvVarsInLog = 0;
		};
		D35B42DB40CB68F6EF4FEDE6 /* Check Pods Manifest.lock */ = {
			isa = PBXShellScriptBuildPhase;
			buildActionMask = 2147483647;
			files = (
			);
			inputPaths = (
			);
			name = "Check Pods Manifest.lock";
			outputPaths = (
			);
			runOnlyForDeploymentPostprocessing = 0;
			shellPath = /bin/sh;
			shellScript = "diff \"${PODS_ROOT}/../Podfile.lock\" \"${PODS_ROOT}/Manifest.lock\" > /dev/null\nif [[ $? != 0 ]] ; then\n    cat << EOM\nerror: The sandbox is not in sync with the Podfile.lock. Run 'pod install' or update your CocoaPods installation.\nEOM\n    exit 1\nfi\n";
			showEnvVarsInLog = 0;
		};
		F2702752EFC1092DF107D470 /* Copy Pods Resources */ = {
			isa = PBXShellScriptBuildPhase;
			buildActionMask = 2147483647;
			files = (
			);
			inputPaths = (
			);
			name = "Copy Pods Resources";
			outputPaths = (
			);
			runOnlyForDeploymentPostprocessing = 0;
			shellPath = /bin/sh;
			shellScript = "\"${SRCROOT}/Pods/Target Support Files/Pods/Pods-resources.sh\"\n";
			showEnvVarsInLog = 0;
		};
/* End PBXShellScriptBuildPhase section */

/* Begin PBXSourcesBuildPhase section */
		45FA05601B5D4158004AD819 /* Sources */ = {
			isa = PBXSourcesBuildPhase;
			buildActionMask = 2147483647;
			files = (
				A58A3A211BB9780800601749 /* AddictionEventDBModel.swift in Sources */,
				A5D90E041BBDD72000537F72 /* AddictionOrganization.swift in Sources */,
				45FA05A91B5D4190004AD819 /* OrganizationService.swift in Sources */,
				181EB6161B714B7600B9295E /* WeekHeaderView.swift in Sources */,
				45FA05A81B5D4190004AD819 /* ArtistService.swift in Sources */,
				A5D90E061BBDD79300537F72 /* AddictionVenue.swift in Sources */,
				A5967F171C2067E700559FC9 /* MoreInformationViewController.swift in Sources */,
				A5D34D671C07B92A005F6236 /* ImageList+CoreDataProperties.swift in Sources */,
				45FA05A61B5D4190004AD819 /* VenueService.swift in Sources */,
				45FA05C41B5D7000004AD819 /* User.swift in Sources */,
				452BC0CC1B791251003E7142 /* ArtistTableViewCell.swift in Sources */,
				453FB81A1BB5A78D00CA0D81 /* CAGradientLayer.swift in Sources */,
				45FA05BD1B5D640A004AD819 /* LoginViewController.swift in Sources */,
				181EB6181B714B7600B9295E /* CalendarLogic.swift in Sources */,
				183484621B7E71CF00EA0D13 /* OrganizationView.swift in Sources */,
				A505C0EF1BCEDDA20067CDD1 /* UserOrganizationDBModel.swift in Sources */,
				1835F8F31B5EAD7200FD1BD1 /* Reachability.swift in Sources */,
				452BC0CA1B791238003E7142 /* VenueTableViewCell.swift in Sources */,
				4560C54B1B66D44700AB5382 /* EventCircleView.swift in Sources */,
				45FA05951B5D4188004AD819 /* Event.swift in Sources */,
				45FA05971B5D4188004AD819 /* Venue.swift in Sources */,
				1834845E1B7E352F00EA0D13 /* VenueView.swift in Sources */,
				45F8DF3C1BBD9BAF00886C3F /* UserFilters.swift in Sources */,
				45FA05B81B5D432C004AD819 /* SplashViewController.swift in Sources */,
				181EB61A1B714B7600B9295E /* NSDateAdditions.swift in Sources */,
				45C6D5C01B851ADE00EE4A05 /* EventSubCategoriesDBModel.swift in Sources */,
				181EB6141B714B7600B9295E /* DayCollectionCell.swift in Sources */,
				A5C96A851C3AEF770051EF1C /* AffiliatedOrgViewController.swift in Sources */,
				A501998C1C23239B0097624F /* UpComingEventsViewController.swift in Sources */,
				A5C96A831C3AE5460051EF1C /* EventMoreInfomationViewController.swift in Sources */,
				A505C0F71BD17B910067CDD1 /* LoadScreenViewController.swift in Sources */,
				1892A8001BEAFADE0063DFBB /* MoreInfoViewController.swift in Sources */,
				181EB6101B714B7600B9295E /* CalendarView.swift in Sources */,
				45FA05C11B5D6FCC004AD819 /* LoginService.swift in Sources */,
				45C0F5F91B7BBE780041A1C8 /* EventSubCategoryDBModel.swift in Sources */,
				A505C0ED1BCEDD4B0067CDD1 /* UserVenueDBModel.swift in Sources */,
				45C938AC1B8D089800BB0D0C /* Categories.swift in Sources */,
				1891B2821B86529B000949C8 /* SplashView.swift in Sources */,
				4560C54F1B66D49800AB5382 /* EventTableViewCell.swift in Sources */,
				A537502C1C57C78900178357 /* UpComingCalendarViewController.swift in Sources */,
				181EB6191B714B7600B9295E /* Date.swift in Sources */,
				45FA05A71B5D4190004AD819 /* LoadScreenService.swift in Sources */,
				45AFAF231B60332E00BA6854 /* CredentialCheck.swift in Sources */,
				45FA05C61B5D7D9E004AD819 /* UserDBModel.swift in Sources */,
				45C93C641B8621F600F60D9D /* ArtistCategoryListService.swift in Sources */,
				184231FA1B5FF173003948F5 /* ProfileViewController.swift in Sources */,
				45FA05AF1B5D4196004AD819 /* DeleteData.swift in Sources */,
				452BC0CE1B791260003E7142 /* OrganizationTableViewCell.swift in Sources */,
				45FA05991B5D4188004AD819 /* Organization.swift in Sources */,
				45FA05AD1B5D4196004AD819 /* FetchData.swift in Sources */,
				A5820A921BDFB06300D78675 /* Filtering.swift in Sources */,
				A505C0EB1BCEDC6D0067CDD1 /* UserEventDBModel.swift in Sources */,
				A5D90E001BBDD28700537F72 /* AddictionVenueDBModel.swift in Sources */,
				45FA059D1B5D4188004AD819 /* OrganizationDBModel.swift in Sources */,
				A505C0F11BCEDEDA0067CDD1 /* UserEventSubCategoryDBModel.swift in Sources */,
				180B05941BE464E800E2F46F /* HorizontalLine.swift in Sources */,
				45FA059B1B5D4188004AD819 /* GlobalVariables.swift in Sources */,
				45FA05A51B5D4190004AD819 /* NetworkOperation.swift in Sources */,
				A5F286641C47023D004A1860 /* OrderedDictionary.swift in Sources */,
				4560C5491B66D42000AB5382 /* ExploreListViewController.swift in Sources */,
				4560C54D1B66D45100AB5382 /* EventRectangleView.swift in Sources */,
				18D2169D1B6BF1D9005DAAA8 /* ExploreListPanelViewController.swift in Sources */,
				45C6D5BE1B851ACE00EE4A05 /* EventPrimaryCategoriesDBModel.swift in Sources */,
				45FA056D1B5D4158004AD819 /* Bruha.xcdatamodeld in Sources */,
				45FA05961B5D4188004AD819 /* EventDBModel.swift in Sources */,
				45FA056A1B5D4158004AD819 /* AppDelegate.swift in Sources */,
				452BC0D01B7937D5003E7142 /* MapFilterPanelViewController.swift in Sources */,
				183484601B7E704B00EA0D13 /* ArtistView.swift in Sources */,
				4560C5471B66D09900AB5382 /* SaveData.swift in Sources */,
				45FA05BE1B5D640A004AD819 /* SignUpViewController.swift in Sources */,
				45C6D5B91B851A7200EE4A05 /* ArtistCategoriesDBModel.swift in Sources */,
				45FA059A1B5D4188004AD819 /* VenueDBModel.swift in Sources */,
				45FA05981B5D4188004AD819 /* Artist.swift in Sources */,
				45D8986F1B5E89E6003ED862 /* RegisterService.swift in Sources */,
				45FA05A41B5D4190004AD819 /* EventService.swift in Sources */,
				A5E4EAD11BBEDFE500DAEE9D /* AddictionListViewController.swift in Sources */,
				1892A8021BEAFC5D0063DFBB /* MoreInfoPanelViewController.swift in Sources */,
				A5D90DFE1BBDD22000537F72 /* AddictionOrganizationDBModel.swift in Sources */,
				45C6D5B71B851A5A00EE4A05 /* VenueCategoriesDBModel.swift in Sources */,
				A58A3A261BB980B200601749 /* AddictionEvent.swift in Sources */,
				A5D34D681C07B92A005F6236 /* ImageDBModel.swift in Sources */,
				A5D90E021BBDD60300537F72 /* AddictionArtist.swift in Sources */,
				45C93C661B86225900F60D9D /* OrganizationCategoryListService.swift in Sources */,
				A580A4EA1BFE7A8C00CB6F2E /* CategoryHeaderCellTableViewCell.swift in Sources */,
				187B7D711C2DA44200B338C8 /* CalendarViewController.swift in Sources */,
				181EB6121B714B7600B9295E /* MonthCollectionCell.swift in Sources */,
				A5D90DFC1BBDD1A600537F72 /* AddictionArtistDBModel.swift in Sources */,
				A50231701C0F57C600FA4E7F /* FacebookService.swift in Sources */,
				A505C0F31BCEE8730067CDD1 /* UploadListViewController.swift in Sources */,
				45C93C621B8621C100F60D9D /* VenueCategoryListService.swift in Sources */,
				45C6D5BC1B851ABC00EE4A05 /* OrganizationCategoriesDBModel.swift in Sources */,
				18E2DD8C1B69537D007C61B5 /* DashLine.swift in Sources */,
				A505C0F51BCEE9860067CDD1 /* UploadListPanelViewController.swift in Sources */,
				A59443A11C03C088000B3969 /* Image.swift in Sources */,
				A5E4EAD31BC2BC3900DAEE9D /* AddictionListPanelViewController.swift in Sources */,
				A5CAB57A1BED2145007E597B /* MapDropTableViewCell.swift in Sources */,
				45C93C601B8621AE00F60D9D /* EventCategoryListService.swift in Sources */,
				180F6DFE1B75006800F86BF5 /* MapViewController.swift in Sources */,
				1835F8F51B5ECF3500FD1BD1 /* DashBoardViewController.swift in Sources */,
				45FA059C1B5D4188004AD819 /* ArtistDBModel.swift in Sources */,
				3C4FA13F1C04EE150034610E /* ShowOnMapViewController.swift in Sources */,
			);
			runOnlyForDeploymentPostprocessing = 0;
		};
		45FA05781B5D4158004AD819 /* Sources */ = {
			isa = PBXSourcesBuildPhase;
			buildActionMask = 2147483647;
			files = (
				45FA05831B5D4158004AD819 /* BruhaTests.swift in Sources */,
			);
			runOnlyForDeploymentPostprocessing = 0;
		};
/* End PBXSourcesBuildPhase section */

/* Begin PBXTargetDependency section */
		45FA057E1B5D4158004AD819 /* PBXTargetDependency */ = {
			isa = PBXTargetDependency;
			target = 45FA05631B5D4158004AD819 /* Bruha */;
			targetProxy = 45FA057D1B5D4158004AD819 /* PBXContainerItemProxy */;
		};
/* End PBXTargetDependency section */

/* Begin PBXVariantGroup section */
		45FA05751B5D4158004AD819 /* LaunchScreen.xib */ = {
			isa = PBXVariantGroup;
			children = (
				45FA05761B5D4158004AD819 /* Base */,
			);
			name = LaunchScreen.xib;
			sourceTree = "<group>";
		};
/* End PBXVariantGroup section */

/* Begin XCBuildConfiguration section */
		45FA05841B5D4158004AD819 /* Debug */ = {
			isa = XCBuildConfiguration;
			buildSettings = {
				ALWAYS_SEARCH_USER_PATHS = NO;
				CLANG_CXX_LANGUAGE_STANDARD = "gnu++0x";
				CLANG_CXX_LIBRARY = "libc++";
				CLANG_ENABLE_MODULES = YES;
				CLANG_ENABLE_OBJC_ARC = YES;
				CLANG_WARN_BOOL_CONVERSION = YES;
				CLANG_WARN_CONSTANT_CONVERSION = YES;
				CLANG_WARN_DIRECT_OBJC_ISA_USAGE = YES_ERROR;
				CLANG_WARN_EMPTY_BODY = YES;
				CLANG_WARN_ENUM_CONVERSION = YES;
				CLANG_WARN_INT_CONVERSION = YES;
				CLANG_WARN_OBJC_ROOT_CLASS = YES_ERROR;
				CLANG_WARN_UNREACHABLE_CODE = YES;
				CLANG_WARN__DUPLICATE_METHOD_MATCH = YES;
				CODE_SIGN_IDENTITY = "iPhone Developer";
				"CODE_SIGN_IDENTITY[sdk=iphoneos*]" = "iPhone Developer";
				COPY_PHASE_STRIP = NO;
				DEBUG_INFORMATION_FORMAT = "dwarf-with-dsym";
				ENABLE_BITCODE = NO;
				ENABLE_STRICT_OBJC_MSGSEND = YES;
				ENABLE_TESTABILITY = YES;
				GCC_C_LANGUAGE_STANDARD = gnu99;
				GCC_DYNAMIC_NO_PIC = NO;
				GCC_NO_COMMON_BLOCKS = YES;
				GCC_OPTIMIZATION_LEVEL = 0;
				GCC_PREPROCESSOR_DEFINITIONS = (
					"DEBUG=1",
					"$(inherited)",
				);
				GCC_SYMBOLS_PRIVATE_EXTERN = NO;
				GCC_WARN_64_TO_32_BIT_CONVERSION = YES;
				GCC_WARN_ABOUT_RETURN_TYPE = YES_ERROR;
				GCC_WARN_UNDECLARED_SELECTOR = YES;
				GCC_WARN_UNINITIALIZED_AUTOS = YES_AGGRESSIVE;
				GCC_WARN_UNUSED_FUNCTION = YES;
				GCC_WARN_UNUSED_VARIABLE = YES;
				IPHONEOS_DEPLOYMENT_TARGET = 8.4;
				MACOSX_DEPLOYMENT_TARGET = 10.11;
				MTL_ENABLE_DEBUG_INFO = YES;
				ONLY_ACTIVE_ARCH = YES;
				OTHER_LDFLAGS = "-ObjC";
				SDKROOT = iphoneos;
				SWIFT_OPTIMIZATION_LEVEL = "-Onone";
			};
			name = Debug;
		};
		45FA05851B5D4158004AD819 /* Release */ = {
			isa = XCBuildConfiguration;
			buildSettings = {
				ALWAYS_SEARCH_USER_PATHS = NO;
				CLANG_CXX_LANGUAGE_STANDARD = "gnu++0x";
				CLANG_CXX_LIBRARY = "libc++";
				CLANG_ENABLE_MODULES = YES;
				CLANG_ENABLE_OBJC_ARC = YES;
				CLANG_WARN_BOOL_CONVERSION = YES;
				CLANG_WARN_CONSTANT_CONVERSION = YES;
				CLANG_WARN_DIRECT_OBJC_ISA_USAGE = YES_ERROR;
				CLANG_WARN_EMPTY_BODY = YES;
				CLANG_WARN_ENUM_CONVERSION = YES;
				CLANG_WARN_INT_CONVERSION = YES;
				CLANG_WARN_OBJC_ROOT_CLASS = YES_ERROR;
				CLANG_WARN_UNREACHABLE_CODE = YES;
				CLANG_WARN__DUPLICATE_METHOD_MATCH = YES;
				CODE_SIGN_IDENTITY = "iPhone Developer";
				"CODE_SIGN_IDENTITY[sdk=iphoneos*]" = "iPhone Developer";
				COPY_PHASE_STRIP = NO;
				DEBUG_INFORMATION_FORMAT = "dwarf-with-dsym";
				ENABLE_BITCODE = NO;
				ENABLE_NS_ASSERTIONS = NO;
				ENABLE_STRICT_OBJC_MSGSEND = YES;
				GCC_C_LANGUAGE_STANDARD = gnu99;
				GCC_NO_COMMON_BLOCKS = YES;
				GCC_OPTIMIZATION_LEVEL = 0;
				GCC_WARN_64_TO_32_BIT_CONVERSION = YES;
				GCC_WARN_ABOUT_RETURN_TYPE = YES_ERROR;
				GCC_WARN_UNDECLARED_SELECTOR = YES;
				GCC_WARN_UNINITIALIZED_AUTOS = YES_AGGRESSIVE;
				GCC_WARN_UNUSED_FUNCTION = YES;
				GCC_WARN_UNUSED_VARIABLE = YES;
				IPHONEOS_DEPLOYMENT_TARGET = 8.4;
				MACOSX_DEPLOYMENT_TARGET = 10.11;
				MTL_ENABLE_DEBUG_INFO = NO;
				OTHER_LDFLAGS = "-ObjC";
				SDKROOT = iphoneos;
				VALIDATE_PRODUCT = YES;
			};
			name = Release;
		};
		45FA05871B5D4158004AD819 /* Debug */ = {
			isa = XCBuildConfiguration;
			baseConfigurationReference = 6624944801305D440270EA9D /* Pods.debug.xcconfig */;
			buildSettings = {
				ASSETCATALOG_COMPILER_APPICON_NAME = AppIcon;
				CODE_SIGN_IDENTITY = "iPhone Developer";
				"CODE_SIGN_IDENTITY[sdk=iphoneos*]" = "iPhone Developer";
				FRAMEWORK_SEARCH_PATHS = (
					"$(inherited)",
					"$(PROJECT_DIR)",
				);
				INFOPLIST_FILE = Bruha/Info.plist;
				IPHONEOS_DEPLOYMENT_TARGET = 8.0;
				LD_RUNPATH_SEARCH_PATHS = "$(inherited) @executable_path/Frameworks";
				PRODUCT_BUNDLE_IDENTIFIER = "com.bruha.$(PRODUCT_NAME:rfc1034identifier)";
				PRODUCT_NAME = "$(TARGET_NAME)";
				PROVISIONING_PROFILE = "";
				SWIFT_OBJC_BRIDGING_HEADER = "Bruha/Bridging-Header.h";
				USER_HEADER_SEARCH_PATHS = "Pods/**";
			};
			name = Debug;
		};
		45FA05881B5D4158004AD819 /* Release */ = {
			isa = XCBuildConfiguration;
			baseConfigurationReference = CCB1783DB671A2F9EF9B679A /* Pods.release.xcconfig */;
			buildSettings = {
				ASSETCATALOG_COMPILER_APPICON_NAME = AppIcon;
				CODE_SIGN_IDENTITY = "iPhone Developer";
				"CODE_SIGN_IDENTITY[sdk=iphoneos*]" = "iPhone Developer";
				FRAMEWORK_SEARCH_PATHS = (
					"$(inherited)",
					"$(PROJECT_DIR)",
				);
				INFOPLIST_FILE = Bruha/Info.plist;
				IPHONEOS_DEPLOYMENT_TARGET = 8.0;
				LD_RUNPATH_SEARCH_PATHS = "$(inherited) @executable_path/Frameworks";
				PRODUCT_BUNDLE_IDENTIFIER = "com.bruha.$(PRODUCT_NAME:rfc1034identifier)";
				PRODUCT_NAME = "$(TARGET_NAME)";
				PROVISIONING_PROFILE = "";
				SWIFT_OBJC_BRIDGING_HEADER = "Bruha/Bridging-Header.h";
				USER_HEADER_SEARCH_PATHS = "Pods/**";
			};
			name = Release;
		};
		45FA058A1B5D4158004AD819 /* Debug */ = {
			isa = XCBuildConfiguration;
			buildSettings = {
				BUNDLE_LOADER = "$(TEST_HOST)";
				FRAMEWORK_SEARCH_PATHS = (
					"$(SDKROOT)/Developer/Library/Frameworks",
					"$(inherited)",
				);
				GCC_PREPROCESSOR_DEFINITIONS = (
					"DEBUG=1",
					"$(inherited)",
				);
				INFOPLIST_FILE = BruhaTests/Info.plist;
				IPHONEOS_DEPLOYMENT_TARGET = 8.0;
				LD_RUNPATH_SEARCH_PATHS = "$(inherited) @executable_path/Frameworks @loader_path/Frameworks";
				PRODUCT_BUNDLE_IDENTIFIER = "com.bruha.$(PRODUCT_NAME:rfc1034identifier)";
				PRODUCT_NAME = "$(TARGET_NAME)";
				TEST_HOST = "$(BUILT_PRODUCTS_DIR)/Bruha.app/Bruha";
			};
			name = Debug;
		};
		45FA058B1B5D4158004AD819 /* Release */ = {
			isa = XCBuildConfiguration;
			buildSettings = {
				BUNDLE_LOADER = "$(TEST_HOST)";
				FRAMEWORK_SEARCH_PATHS = (
					"$(SDKROOT)/Developer/Library/Frameworks",
					"$(inherited)",
				);
				INFOPLIST_FILE = BruhaTests/Info.plist;
				IPHONEOS_DEPLOYMENT_TARGET = 8.0;
				LD_RUNPATH_SEARCH_PATHS = "$(inherited) @executable_path/Frameworks @loader_path/Frameworks";
				PRODUCT_BUNDLE_IDENTIFIER = "com.bruha.$(PRODUCT_NAME:rfc1034identifier)";
				PRODUCT_NAME = "$(TARGET_NAME)";
				TEST_HOST = "$(BUILT_PRODUCTS_DIR)/Bruha.app/Bruha";
			};
			name = Release;
		};
/* End XCBuildConfiguration section */

/* Begin XCConfigurationList section */
		45FA055F1B5D4158004AD819 /* Build configuration list for PBXProject "Bruha" */ = {
			isa = XCConfigurationList;
			buildConfigurations = (
				45FA05841B5D4158004AD819 /* Debug */,
				45FA05851B5D4158004AD819 /* Release */,
			);
			defaultConfigurationIsVisible = 0;
			defaultConfigurationName = Release;
		};
		45FA05861B5D4158004AD819 /* Build configuration list for PBXNativeTarget "Bruha" */ = {
			isa = XCConfigurationList;
			buildConfigurations = (
				45FA05871B5D4158004AD819 /* Debug */,
				45FA05881B5D4158004AD819 /* Release */,
			);
			defaultConfigurationIsVisible = 0;
			defaultConfigurationName = Release;
		};
		45FA05891B5D4158004AD819 /* Build configuration list for PBXNativeTarget "BruhaTests" */ = {
			isa = XCConfigurationList;
			buildConfigurations = (
				45FA058A1B5D4158004AD819 /* Debug */,
				45FA058B1B5D4158004AD819 /* Release */,
			);
			defaultConfigurationIsVisible = 0;
			defaultConfigurationName = Release;
		};
/* End XCConfigurationList section */

/* Begin XCVersionGroup section */
		45FA056B1B5D4158004AD819 /* Bruha.xcdatamodeld */ = {
			isa = XCVersionGroup;
			children = (
				45FA056C1B5D4158004AD819 /* Bruha.xcdatamodel */,
			);
			currentVersion = 45FA056C1B5D4158004AD819 /* Bruha.xcdatamodel */;
			path = Bruha.xcdatamodeld;
			sourceTree = "<group>";
			versionGroupType = wrapper.xcdatamodel;
		};
/* End XCVersionGroup section */
	};
	rootObject = 45FA055C1B5D4158004AD819 /* Project object */;
}
